schema = "tera.installed-source.v1"
repository = "https://github.com/radrootslabs/tera"
source_tree = "d66c73094f8b59dc2e016029720be10ebc5ada91"
manifest_sha256 = "33eda17ee164b8ec3d38df3586d4336249ad1ed13a65a88467e75888bb7347be"
source_date_epoch = 1787871027

[foundation]
repository = "https://github.com/radrootslabs/lib"
revision = "13ac1f2135199702a07ba6aa14ab22101f17fcb0"
version = "0.1.0-alpha"
