{
  "originHash" : "375be432efc7dba8c44ecf0f466b5bb4ff1f3bc0c52b6e3ff2f50b71ffdc27d9",
  "pins" : [
    {
      "identity" : "apple_kit",
      "kind" : "remoteSourceControl",
      "location" : "https://github.com/radrootslabs/apple_kit.git",
      "state" : {
        "revision" : "342a9c08d4eff1bedc5f25900bb166aa9eb531e2"
      }
    },
    {
      "identity" : "swift-secp256k1",
      "kind" : "remoteSourceControl",
      "location" : "https://github.com/21-DOT-DEV/swift-secp256k1.git",
      "state" : {
        "revision" : "e70a10e036a55fffea31568f0af92d69b6d449cd"
      }
    }
  ],
  "version" : 3
}
