override RADROOTS_FIELD_LIB_GIT_URL := https://github.com/radrootslabs/lib
override RADROOTS_FIELD_LIB_GIT_REV := ad17b7d3455a7147cfa303d976fc5c70c3a4c0cb
override RADROOTS_FIELD_FFI_CRATE_VERSION := 0.1.0-alpha
override RADROOTS_FIELD_SOURCE_DATE_EPOCH := 1787871027
override RADROOTS_FIELD_FFI_DEVICE_SHA256 := c3b7c415ea212f158124ea68e43054db0afdc9324d9c46da1ca9c99a152fcfa7
override RADROOTS_FIELD_FFI_SIMULATOR_SHA256 := c1753d688734d8623134abe7f2952bb28c337982aa3737325a0ac8b1633c5bd6
override RADROOTS_FIELD_FFI_SWIFT_SHA256 := 6143713353ba2c4791b7548874257c6ccce3a28f663050103b6b69f41ef065a6
override RADROOTS_FIELD_FFI_HEADER_SHA256 := 4d39f24dbeb39502026060f39d92e2a643bfcaf0048447710b134b0c2bfa40cb
override RADROOTS_FIELD_FFI_MODULEMAP_SHA256 := b228e67197e2c64b6f5b17a270faf640efc0e298e354b0b3301679e7c4dc321a
override RADROOTS_FIELD_FFI_API_SHA256 := 7889118dc04dcf7fd2cf7c09c12e2a47ee0c3dc69d51987d8df98f3f2a3d638e
override RADROOTS_FIELD_FFI_XCFRAMEWORK_SHA256 := 1414d9f729a653819a947a9ca3d608e5a2f772a65f5f3bafb9f730e0a4ddfd30
