// !$*UTF8*$!
{
	archiveVersion = 1;
	classes = {
	};
	objectVersion = 77;
	objects = {

/* Begin PBXBuildFile section */
		095FBECA7268AA594F614EFA /* TeraScopeBackend.swift in Sources */ = {isa = PBXBuildFile; fileRef = 9ED6D3E35C3235B6068E1902 /* TeraScopeBackend.swift */; };
		141327BC6BAE2CFA2C62C584 /* TeraTodayReconciliationTaskTests.swift in Sources */ = {isa = PBXBuildFile; fileRef = 5EB21C33D6173E4FED05FDA0 /* TeraTodayReconciliationTaskTests.swift */; };
		17805D95512D7144DAC59D85 /* TeraTodayRenderingTests.swift in Sources */ = {isa = PBXBuildFile; fileRef = 7283D1C8F6E90A236BC84AF6 /* TeraTodayRenderingTests.swift */; };
		1D45B3D566A0A60063190854 /* TeraApp in Frameworks */ = {isa = PBXBuildFile; productRef = E666175A800272732A27CBEB /* TeraApp */; };
		229C9AC991E67663DA53D339 /* TeraRuntimeBoundedTaskTests.swift in Sources */ = {isa = PBXBuildFile; fileRef = 2A4FFC0023C620B68D0EC0ED /* TeraRuntimeBoundedTaskTests.swift */; };
		2479571FA99A7962794999C4 /* TeraSupportingStoreTests.swift in Sources */ = {isa = PBXBuildFile; fileRef = C0636AEDEB50DDDD328374A9 /* TeraSupportingStoreTests.swift */; };
		295A19317FC58A73A68C98DC /* TeraComposerPersistenceFFITests.swift in Sources */ = {isa = PBXBuildFile; fileRef = A5938176A92F96A30CC39DFB /* TeraComposerPersistenceFFITests.swift */; };
		2A68D8FEEC3B88D47D696589 /* TeraOpenedMediaCloseFixture.swift in Sources */ = {isa = PBXBuildFile; fileRef = 74FCF1C4A8A7137623BBE223 /* TeraOpenedMediaCloseFixture.swift */; };
		2AEAFDD0EECA3B7F799B1287 /* TeraScopedAddTests.swift in Sources */ = {isa = PBXBuildFile; fileRef = 3A756C16ACFABBD36C48DF62 /* TeraScopedAddTests.swift */; };
		2B50FA35AD753EFA15CF00CD /* TeraRuntimeBackpressureTests.swift in Sources */ = {isa = PBXBuildFile; fileRef = 8591841AD9AB9B718A37EB47 /* TeraRuntimeBackpressureTests.swift */; };
		2C6DDB502DFA11C2CBCA49C4 /* TeraApp in Frameworks */ = {isa = PBXBuildFile; productRef = A1979630FE6BC343F0E59F24 /* TeraApp */; };
		2F4FA28EEA78711CE1FA03B8 /* TeraViewerCalendarTests.swift in Sources */ = {isa = PBXBuildFile; fileRef = 8A25842D19BCFDEBCC7D306A /* TeraViewerCalendarTests.swift */; };
		30EDD3EB0C09D864FC1DD3D4 /* TeraStoreRecoveryTests.swift in Sources */ = {isa = PBXBuildFile; fileRef = BD39C5F3460EEF38B98D78B4 /* TeraStoreRecoveryTests.swift */; };
		31CBA09815D972CCE187009F /* TeraSessionResourceTests.swift in Sources */ = {isa = PBXBuildFile; fileRef = 4383B870D20178E633610113 /* TeraSessionResourceTests.swift */; };
		3410EC660FF36CC77F5F50DD /* TeraComposerStartupTests.swift in Sources */ = {isa = PBXBuildFile; fileRef = DE21EEF3B1A13F1B5A10A3BF /* TeraComposerStartupTests.swift */; };
		38EF7FA8874E82B28110A232 /* PrivacyInfo.xcprivacy in Resources */ = {isa = PBXBuildFile; fileRef = 6967B3EAC4CF1A410B26DD1A /* PrivacyInfo.xcprivacy */; };
		39B47EE698E9D7CC716A372F /* TeraRuntimeShutdownTests.swift in Sources */ = {isa = PBXBuildFile; fileRef = 91E82E561F73A1BE6BBF09B7 /* TeraRuntimeShutdownTests.swift */; };
		3D219E759CFB685936EB7068 /* TeraCalendarEditingTests.swift in Sources */ = {isa = PBXBuildFile; fileRef = 27C48B4B5442B1A404C1A328 /* TeraCalendarEditingTests.swift */; };
		4734A842C366608EC1BD31C5 /* TeraUserMessagesTests.swift in Sources */ = {isa = PBXBuildFile; fileRef = 46DDEE781FDD92A292FD847B /* TeraUserMessagesTests.swift */; };
		4B093458FAF4C6E4860E313A /* TeraComposerAutosaveTests.swift in Sources */ = {isa = PBXBuildFile; fileRef = E55E47B15C42F13ABF2DFF27 /* TeraComposerAutosaveTests.swift */; };
		53651EBAF42E8698717CE936 /* TeraScopedStoreTests.swift in Sources */ = {isa = PBXBuildFile; fileRef = CF28A9D711806A07A4A65EA8 /* TeraScopedStoreTests.swift */; };
		5F252ABA8CA48D5E3A7A0157 /* TeraMediaVisibilityTests.swift in Sources */ = {isa = PBXBuildFile; fileRef = 27E1E87F9A11E85700F38635 /* TeraMediaVisibilityTests.swift */; };
		5F7F8C48635A1676BD0A7AF6 /* TeraTodayPagingTests.swift in Sources */ = {isa = PBXBuildFile; fileRef = 8120C6BA40C3087C4D11D432 /* TeraTodayPagingTests.swift */; };
		625CB9DF8B80A3F12458B49A /* TeraScopedObservationTests.swift in Sources */ = {isa = PBXBuildFile; fileRef = E75B60DBDD8C581D76E6F957 /* TeraScopedObservationTests.swift */; };
		64D49ADFD3FDD54CBA509DC5 /* TeraTodayStoreTests.swift in Sources */ = {isa = PBXBuildFile; fileRef = 794D475C70BA8ED994D1CA66 /* TeraTodayStoreTests.swift */; };
		64F5AD3749E090316C7D015E /* TeraDraftRecoveryTests.swift in Sources */ = {isa = PBXBuildFile; fileRef = ECE8A3704AB9582A5E461195 /* TeraDraftRecoveryTests.swift */; };
		671EF50DB4EFBC25AABF26DC /* TeraLifecycleTests.swift in Sources */ = {isa = PBXBuildFile; fileRef = C890BDE885536BC2AB215393 /* TeraLifecycleTests.swift */; };
		6B0BE8E92892EF60B8E996A5 /* TeraRuntimeResourceFixtures.swift in Sources */ = {isa = PBXBuildFile; fileRef = F0A51F9AF2E0803264E07FBB /* TeraRuntimeResourceFixtures.swift */; };
		6DB9A1B2B9ABD39613561459 /* TeraCalendarComposerFFITests.swift in Sources */ = {isa = PBXBuildFile; fileRef = FA1A8EA600F6BDC45333520C /* TeraCalendarComposerFFITests.swift */; };
		6F01DD614B41209AF277CBE8 /* TeraAddMediaHarness.swift in Sources */ = {isa = PBXBuildFile; fileRef = D2C0B898B9BFDB82CF3B5EFB /* TeraAddMediaHarness.swift */; };
		6F53FF88A29F8DF93F074EB4 /* TeraBackgroundUploadFixtures.swift in Sources */ = {isa = PBXBuildFile; fileRef = 61D8C0835D5A1D5C36D80020 /* TeraBackgroundUploadFixtures.swift */; };
		6FED2D2255CC702B33CDC760 /* TeraOpenedMediaTests.swift in Sources */ = {isa = PBXBuildFile; fileRef = 9B10B1F3C7FCD9A72F04FC00 /* TeraOpenedMediaTests.swift */; };
		7035433B676A50A4801A8DFC /* TeraRuntimeInvalidationTests.swift in Sources */ = {isa = PBXBuildFile; fileRef = 73EBD10E201ECA26DCED523F /* TeraRuntimeInvalidationTests.swift */; };
		70417FB635F06CC9829FB38C /* TeraClockTests.swift in Sources */ = {isa = PBXBuildFile; fileRef = 2A506546B0EC1792240C36F7 /* TeraClockTests.swift */; };
		772A9B1AD8DE1D2E0969F285 /* TeraCalendarFFICompatibilityTests.swift in Sources */ = {isa = PBXBuildFile; fileRef = 3B808E67E85CD36E49C38B6F /* TeraCalendarFFICompatibilityTests.swift */; };
		79D06C6BF2B55C0C4104FB91 /* TeraSessionGenerationTests.swift in Sources */ = {isa = PBXBuildFile; fileRef = 7C0836F5D5F71F9A54795C57 /* TeraSessionGenerationTests.swift */; };
		7DFBB14B53D57555AB0E0BF0 /* TeraScopeFixtures.swift in Sources */ = {isa = PBXBuildFile; fileRef = 11E9C876EA26B30C8AFE116F /* TeraScopeFixtures.swift */; };
		81AF9DDA0E64DC4EEFCEF25D /* TeraRemoteQualificationTests.swift in Sources */ = {isa = PBXBuildFile; fileRef = E351F52E77C74A4E99095E45 /* TeraRemoteQualificationTests.swift */; };
		827D8CC5C0488F0D5D15CE99 /* TeraMediaOwnershipFFITests.swift in Sources */ = {isa = PBXBuildFile; fileRef = 2521493B0CD2B82445974E81 /* TeraMediaOwnershipFFITests.swift */; };
		8422EAEECA73BB72974D002A /* TeraTodayBackfillTests.swift in Sources */ = {isa = PBXBuildFile; fileRef = B4D3FEE2830E056E82AF05FD /* TeraTodayBackfillTests.swift */; };
		852FF7514FF7F682A246FB47 /* TeraStateMigrationTests.swift in Sources */ = {isa = PBXBuildFile; fileRef = 98E969BCFF7CED33A1D4A040 /* TeraStateMigrationTests.swift */; };
		85404A5125CF3E64E6009DC1 /* TeraMediaBudgetTests.swift in Sources */ = {isa = PBXBuildFile; fileRef = F596D3A9B9E236963DCE15D7 /* TeraMediaBudgetTests.swift */; };
		912C8743116D929BB6A02778 /* TeraRuntimeClientTests.swift in Sources */ = {isa = PBXBuildFile; fileRef = FB77C087F15C2F42CD959607 /* TeraRuntimeClientTests.swift */; };
		9309D7175535546A0C878F75 /* TeraCalendarTimingTests.swift in Sources */ = {isa = PBXBuildFile; fileRef = 36AF0D194520F0F02EAD6B50 /* TeraCalendarTimingTests.swift */; };
		9384AAECB22885E2D05C54A8 /* TeraScopedMediaTests.swift in Sources */ = {isa = PBXBuildFile; fileRef = EFBAA57ABEAA4B84C73EE8E8 /* TeraScopedMediaTests.swift */; };
		9995BC15D67E1C9C29B4A7DC /* TeraTodayContextTests.swift in Sources */ = {isa = PBXBuildFile; fileRef = EFECCBF9A84D1D65544C6094 /* TeraTodayContextTests.swift */; };
		9AD968F0B37C64B5AF8D9A68 /* TeraRootShellTests.swift in Sources */ = {isa = PBXBuildFile; fileRef = 6B8677670E203FF68EC88983 /* TeraRootShellTests.swift */; };
		9B37084901EC52EB44969304 /* TeraRuntimeResourceLifecycleTests.swift in Sources */ = {isa = PBXBuildFile; fileRef = 226F5C2370522AAFAD9D1C3D /* TeraRuntimeResourceLifecycleTests.swift */; };
		A1AD2A380F09994786889AF1 /* TeraAddStoreTests.swift in Sources */ = {isa = PBXBuildFile; fileRef = 9F22CFABCF27A28408F68D25 /* TeraAddStoreTests.swift */; };
		AA7C3FC1F46B6723A39B1D09 /* TeraTodayPresentationTests.swift in Sources */ = {isa = PBXBuildFile; fileRef = 99BE248D1450D76476255626 /* TeraTodayPresentationTests.swift */; };
		AC33144E09CB0384C4FB090C /* TeraObservationCoalescingTests.swift in Sources */ = {isa = PBXBuildFile; fileRef = 21DD785439F415278214D746 /* TeraObservationCoalescingTests.swift */; };
		B1B83B8673660E0EC109F74C /* TeraStateTestFixtures.swift in Sources */ = {isa = PBXBuildFile; fileRef = BAD45A3134A16704CBE4B1A5 /* TeraStateTestFixtures.swift */; };
		B2DAAE01D16E1FAC35816DED /* RadrootsKit in Frameworks */ = {isa = PBXBuildFile; productRef = 1A9F6E32DE0C3728D4DB8E60 /* RadrootsKit */; };
		B4AE86BE0A9F7FBE0DEBD9AC /* Localizable.strings in Resources */ = {isa = PBXBuildFile; fileRef = ADFD21D28C5F9E58B70E76CA /* Localizable.strings */; };
		B64A836C5E84924D28CB5D47 /* Assets.xcassets in Resources */ = {isa = PBXBuildFile; fileRef = AB8A30A75EFD65EFD938D248 /* Assets.xcassets */; };
		BB71614D2A6017C071A39BED /* TeraMutationAdmissionTests.swift in Sources */ = {isa = PBXBuildFile; fileRef = 02F322CF98F8BEB908B93215 /* TeraMutationAdmissionTests.swift */; };
		BF0BF2D7F46217C4EBCA570C /* TeraCalendarPresentationTests.swift in Sources */ = {isa = PBXBuildFile; fileRef = 5CFC5639BDCD2A5C1C27FE38 /* TeraCalendarPresentationTests.swift */; };
		C0C7D6F0CBCE262C348D3C3E /* TeraTodayReconciliationFFITests.swift in Sources */ = {isa = PBXBuildFile; fileRef = F65B01F6F5F7E125148EC4FD /* TeraTodayReconciliationFFITests.swift */; };
		C219B5F4E24188E1116BF45B /* TeraRuntimeClientFixtures.swift in Sources */ = {isa = PBXBuildFile; fileRef = 88ED360C84532DA7088BFC6E /* TeraRuntimeClientFixtures.swift */; };
		C3177E827FE62639579C3EF5 /* TeraRemoteQualificationUITests.swift in Sources */ = {isa = PBXBuildFile; fileRef = 32CBDAE974FB8D7408108E69 /* TeraRemoteQualificationUITests.swift */; };
		C344F7761A4AC79AB74705C9 /* TeraTodayCalendarScopeTests.swift in Sources */ = {isa = PBXBuildFile; fileRef = 6D2BE93A0818202625CAF1F5 /* TeraTodayCalendarScopeTests.swift */; };
		C46F8EB5B196FFDD37E0279A /* TeraProductStartupTests.swift in Sources */ = {isa = PBXBuildFile; fileRef = 7AF60EF9DCFDC4ECE77AED67 /* TeraProductStartupTests.swift */; };
		CDBE38E6B521611436F28858 /* TeraMediaStoreTests.swift in Sources */ = {isa = PBXBuildFile; fileRef = 61B6F0B16BFD8F046E9C163F /* TeraMediaStoreTests.swift */; };
		D64AC2FDC6FE05A39114D2DB /* TeraMediaFileFixture.swift in Sources */ = {isa = PBXBuildFile; fileRef = D3C914B349DAE2EF66658229 /* TeraMediaFileFixture.swift */; };
		D86A417A36A2186AB7777753 /* TeraTodayReconciliationTests.swift in Sources */ = {isa = PBXBuildFile; fileRef = 714B4DD70B881D29A89812C9 /* TeraTodayReconciliationTests.swift */; };
		D918A664D9A4B9859A1A6503 /* TeraErrorRecoveryTests.swift in Sources */ = {isa = PBXBuildFile; fileRef = 93A3358AFC23C567DB9CB02F /* TeraErrorRecoveryTests.swift */; };
		DBA4B403D65289242AFDDB07 /* TeraTodaySyncReceiptTests.swift in Sources */ = {isa = PBXBuildFile; fileRef = 9BC55E41FBE589010038FDA5 /* TeraTodaySyncReceiptTests.swift */; };
		DF97F408D7D32F72C5AF5939 /* TeraRootShellUITests.swift in Sources */ = {isa = PBXBuildFile; fileRef = 5238B5F236C392C82CEF9838 /* TeraRootShellUITests.swift */; };
		E4E85524E39F13D6C76650F1 /* TeraTodaySyncFixtures.swift in Sources */ = {isa = PBXBuildFile; fileRef = 5854504D0CAD5ABC29302292 /* TeraTodaySyncFixtures.swift */; };
		E508A7061082B091B733D62B /* App.swift in Sources */ = {isa = PBXBuildFile; fileRef = 67ACCE25979BA86C1EC5BFD6 /* App.swift */; };
		E98A5C885E3955D4DC4BB1EC /* TeraTodayCacheFirstTests.swift in Sources */ = {isa = PBXBuildFile; fileRef = 53CB51FEF4CE772320B3264C /* TeraTodayCacheFirstTests.swift */; };
		EF7293C553BF1DB45EEEBD49 /* local-social-personas.v1.json in Resources */ = {isa = PBXBuildFile; fileRef = 27D9D40699A01FFB02F30B11 /* local-social-personas.v1.json */; };
		F4AF91E71B691FE30C191852 /* TeraAddObservationStartupTests.swift in Sources */ = {isa = PBXBuildFile; fileRef = 44A4460928B20A21A94BECCE /* TeraAddObservationStartupTests.swift */; };
		F8C87782857DC930D47E6A90 /* TeraRuntimeResourceTaskTests.swift in Sources */ = {isa = PBXBuildFile; fileRef = C4D01C023E258AC3B3B1C27D /* TeraRuntimeResourceTaskTests.swift */; };
		FB585785DC906CB2AE4AE535 /* TeraBindingPortabilityTests.swift in Sources */ = {isa = PBXBuildFile; fileRef = 58E711687008866790042792 /* TeraBindingPortabilityTests.swift */; };
		FBA9C3463CD1827392AF9599 /* TeraAddSchemaFixtures.swift in Sources */ = {isa = PBXBuildFile; fileRef = D8ED2718D5E9E8980ADF3423 /* TeraAddSchemaFixtures.swift */; };
/* End PBXBuildFile section */

/* Begin PBXContainerItemProxy section */
		76EDCE28535C20D9DE531133 /* PBXContainerItemProxy */ = {
			isa = PBXContainerItemProxy;
			containerPortal = 4CF37E857DB6B4472D9B7BA9 /* Project object */;
			proxyType = 1;
			remoteGlobalIDString = 8DD2B0E1333DDE440F980FAB;
			remoteInfo = Tera;
		};
		9170B71C2E5705AFBD0404C3 /* PBXContainerItemProxy */ = {
			isa = PBXContainerItemProxy;
			containerPortal = 4CF37E857DB6B4472D9B7BA9 /* Project object */;
			proxyType = 1;
			remoteGlobalIDString = 8DD2B0E1333DDE440F980FAB;
			remoteInfo = Tera;
		};
/* End PBXContainerItemProxy section */

/* Begin PBXFileReference section */
		02F322CF98F8BEB908B93215 /* TeraMutationAdmissionTests.swift */ = {isa = PBXFileReference; lastKnownFileType = sourcecode.swift; path = TeraMutationAdmissionTests.swift; sourceTree = "<group>"; };
		0CDE3D76E1EDF909C19D0506 /* TeraUITests.xctest */ = {isa = PBXFileReference; includeInIndex = 0; lastKnownFileType = wrapper.cfbundle; path = TeraUITests.xctest; sourceTree = BUILT_PRODUCTS_DIR; };
		11E9C876EA26B30C8AFE116F /* TeraScopeFixtures.swift */ = {isa = PBXFileReference; lastKnownFileType = sourcecode.swift; path = TeraScopeFixtures.swift; sourceTree = "<group>"; };
		21DD785439F415278214D746 /* TeraObservationCoalescingTests.swift */ = {isa = PBXFileReference; lastKnownFileType = sourcecode.swift; path = TeraObservationCoalescingTests.swift; sourceTree = "<group>"; };
		226F5C2370522AAFAD9D1C3D /* TeraRuntimeResourceLifecycleTests.swift */ = {isa = PBXFileReference; lastKnownFileType = sourcecode.swift; path = TeraRuntimeResourceLifecycleTests.swift; sourceTree = "<group>"; };
		2521493B0CD2B82445974E81 /* TeraMediaOwnershipFFITests.swift */ = {isa = PBXFileReference; lastKnownFileType = sourcecode.swift; path = TeraMediaOwnershipFFITests.swift; sourceTree = "<group>"; };
		27C48B4B5442B1A404C1A328 /* TeraCalendarEditingTests.swift */ = {isa = PBXFileReference; lastKnownFileType = sourcecode.swift; path = TeraCalendarEditingTests.swift; sourceTree = "<group>"; };
		27D9D40699A01FFB02F30B11 /* local-social-personas.v1.json */ = {isa = PBXFileReference; lastKnownFileType = text.json; path = "local-social-personas.v1.json"; sourceTree = "<group>"; };
		27E1E87F9A11E85700F38635 /* TeraMediaVisibilityTests.swift */ = {isa = PBXFileReference; lastKnownFileType = sourcecode.swift; path = TeraMediaVisibilityTests.swift; sourceTree = "<group>"; };
		2A4FFC0023C620B68D0EC0ED /* TeraRuntimeBoundedTaskTests.swift */ = {isa = PBXFileReference; lastKnownFileType = sourcecode.swift; path = TeraRuntimeBoundedTaskTests.swift; sourceTree = "<group>"; };
		2A506546B0EC1792240C36F7 /* TeraClockTests.swift */ = {isa = PBXFileReference; lastKnownFileType = sourcecode.swift; path = TeraClockTests.swift; sourceTree = "<group>"; };
		32CBDAE974FB8D7408108E69 /* TeraRemoteQualificationUITests.swift */ = {isa = PBXFileReference; lastKnownFileType = sourcecode.swift; path = TeraRemoteQualificationUITests.swift; sourceTree = "<group>"; };
		36AF0D194520F0F02EAD6B50 /* TeraCalendarTimingTests.swift */ = {isa = PBXFileReference; lastKnownFileType = sourcecode.swift; path = TeraCalendarTimingTests.swift; sourceTree = "<group>"; };
		3A756C16ACFABBD36C48DF62 /* TeraScopedAddTests.swift */ = {isa = PBXFileReference; lastKnownFileType = sourcecode.swift; path = TeraScopedAddTests.swift; sourceTree = "<group>"; };
		3B808E67E85CD36E49C38B6F /* TeraCalendarFFICompatibilityTests.swift */ = {isa = PBXFileReference; lastKnownFileType = sourcecode.swift; path = TeraCalendarFFICompatibilityTests.swift; sourceTree = "<group>"; };
		4383B870D20178E633610113 /* TeraSessionResourceTests.swift */ = {isa = PBXFileReference; lastKnownFileType = sourcecode.swift; path = TeraSessionResourceTests.swift; sourceTree = "<group>"; };
		44A4460928B20A21A94BECCE /* TeraAddObservationStartupTests.swift */ = {isa = PBXFileReference; lastKnownFileType = sourcecode.swift; path = TeraAddObservationStartupTests.swift; sourceTree = "<group>"; };
		46DDEE781FDD92A292FD847B /* TeraUserMessagesTests.swift */ = {isa = PBXFileReference; lastKnownFileType = sourcecode.swift; path = TeraUserMessagesTests.swift; sourceTree = "<group>"; };
		5238B5F236C392C82CEF9838 /* TeraRootShellUITests.swift */ = {isa = PBXFileReference; lastKnownFileType = sourcecode.swift; path = TeraRootShellUITests.swift; sourceTree = "<group>"; };
		53CB51FEF4CE772320B3264C /* TeraTodayCacheFirstTests.swift */ = {isa = PBXFileReference; lastKnownFileType = sourcecode.swift; path = TeraTodayCacheFirstTests.swift; sourceTree = "<group>"; };
		57CA176D0A7566A4ADD2CEA4 /* Debug.xcconfig */ = {isa = PBXFileReference; lastKnownFileType = text.xcconfig; path = Debug.xcconfig; sourceTree = "<group>"; };
		5854504D0CAD5ABC29302292 /* TeraTodaySyncFixtures.swift */ = {isa = PBXFileReference; lastKnownFileType = sourcecode.swift; path = TeraTodaySyncFixtures.swift; sourceTree = "<group>"; };
		58E711687008866790042792 /* TeraBindingPortabilityTests.swift */ = {isa = PBXFileReference; lastKnownFileType = sourcecode.swift; path = TeraBindingPortabilityTests.swift; sourceTree = "<group>"; };
		5CFC5639BDCD2A5C1C27FE38 /* TeraCalendarPresentationTests.swift */ = {isa = PBXFileReference; lastKnownFileType = sourcecode.swift; path = TeraCalendarPresentationTests.swift; sourceTree = "<group>"; };
		5EB21C33D6173E4FED05FDA0 /* TeraTodayReconciliationTaskTests.swift */ = {isa = PBXFileReference; lastKnownFileType = sourcecode.swift; path = TeraTodayReconciliationTaskTests.swift; sourceTree = "<group>"; };
		61B6F0B16BFD8F046E9C163F /* TeraMediaStoreTests.swift */ = {isa = PBXFileReference; lastKnownFileType = sourcecode.swift; path = TeraMediaStoreTests.swift; sourceTree = "<group>"; };
		61D8C0835D5A1D5C36D80020 /* TeraBackgroundUploadFixtures.swift */ = {isa = PBXFileReference; lastKnownFileType = sourcecode.swift; path = TeraBackgroundUploadFixtures.swift; sourceTree = "<group>"; };
		67ACCE25979BA86C1EC5BFD6 /* App.swift */ = {isa = PBXFileReference; lastKnownFileType = sourcecode.swift; path = App.swift; sourceTree = "<group>"; };
		6967B3EAC4CF1A410B26DD1A /* PrivacyInfo.xcprivacy */ = {isa = PBXFileReference; path = PrivacyInfo.xcprivacy; sourceTree = "<group>"; };
		6B8677670E203FF68EC88983 /* TeraRootShellTests.swift */ = {isa = PBXFileReference; lastKnownFileType = sourcecode.swift; path = TeraRootShellTests.swift; sourceTree = "<group>"; };
		6D2BE93A0818202625CAF1F5 /* TeraTodayCalendarScopeTests.swift */ = {isa = PBXFileReference; lastKnownFileType = sourcecode.swift; path = TeraTodayCalendarScopeTests.swift; sourceTree = "<group>"; };
		714B4DD70B881D29A89812C9 /* TeraTodayReconciliationTests.swift */ = {isa = PBXFileReference; lastKnownFileType = sourcecode.swift; path = TeraTodayReconciliationTests.swift; sourceTree = "<group>"; };
		7283D1C8F6E90A236BC84AF6 /* TeraTodayRenderingTests.swift */ = {isa = PBXFileReference; lastKnownFileType = sourcecode.swift; path = TeraTodayRenderingTests.swift; sourceTree = "<group>"; };
		73EBD10E201ECA26DCED523F /* TeraRuntimeInvalidationTests.swift */ = {isa = PBXFileReference; lastKnownFileType = sourcecode.swift; path = TeraRuntimeInvalidationTests.swift; sourceTree = "<group>"; };
		74FCF1C4A8A7137623BBE223 /* TeraOpenedMediaCloseFixture.swift */ = {isa = PBXFileReference; lastKnownFileType = sourcecode.swift; path = TeraOpenedMediaCloseFixture.swift; sourceTree = "<group>"; };
		794D475C70BA8ED994D1CA66 /* TeraTodayStoreTests.swift */ = {isa = PBXFileReference; lastKnownFileType = sourcecode.swift; path = TeraTodayStoreTests.swift; sourceTree = "<group>"; };
		7AF60EF9DCFDC4ECE77AED67 /* TeraProductStartupTests.swift */ = {isa = PBXFileReference; lastKnownFileType = sourcecode.swift; path = TeraProductStartupTests.swift; sourceTree = "<group>"; };
		7C0836F5D5F71F9A54795C57 /* TeraSessionGenerationTests.swift */ = {isa = PBXFileReference; lastKnownFileType = sourcecode.swift; path = TeraSessionGenerationTests.swift; sourceTree = "<group>"; };
		8120C6BA40C3087C4D11D432 /* TeraTodayPagingTests.swift */ = {isa = PBXFileReference; lastKnownFileType = sourcecode.swift; path = TeraTodayPagingTests.swift; sourceTree = "<group>"; };
		8591841AD9AB9B718A37EB47 /* TeraRuntimeBackpressureTests.swift */ = {isa = PBXFileReference; lastKnownFileType = sourcecode.swift; path = TeraRuntimeBackpressureTests.swift; sourceTree = "<group>"; };
		88ED360C84532DA7088BFC6E /* TeraRuntimeClientFixtures.swift */ = {isa = PBXFileReference; lastKnownFileType = sourcecode.swift; path = TeraRuntimeClientFixtures.swift; sourceTree = "<group>"; };
		8A25842D19BCFDEBCC7D306A /* TeraViewerCalendarTests.swift */ = {isa = PBXFileReference; lastKnownFileType = sourcecode.swift; path = TeraViewerCalendarTests.swift; sourceTree = "<group>"; };
		91E82E561F73A1BE6BBF09B7 /* TeraRuntimeShutdownTests.swift */ = {isa = PBXFileReference; lastKnownFileType = sourcecode.swift; path = TeraRuntimeShutdownTests.swift; sourceTree = "<group>"; };
		93A3358AFC23C567DB9CB02F /* TeraErrorRecoveryTests.swift */ = {isa = PBXFileReference; lastKnownFileType = sourcecode.swift; path = TeraErrorRecoveryTests.swift; sourceTree = "<group>"; };
		98E969BCFF7CED33A1D4A040 /* TeraStateMigrationTests.swift */ = {isa = PBXFileReference; lastKnownFileType = sourcecode.swift; path = TeraStateMigrationTests.swift; sourceTree = "<group>"; };
		999BDCEF144A19F35D048D15 /* TeraTests.xctest */ = {isa = PBXFileReference; includeInIndex = 0; lastKnownFileType = wrapper.cfbundle; path = TeraTests.xctest; sourceTree = BUILT_PRODUCTS_DIR; };
		99BE248D1450D76476255626 /* TeraTodayPresentationTests.swift */ = {isa = PBXFileReference; lastKnownFileType = sourcecode.swift; path = TeraTodayPresentationTests.swift; sourceTree = "<group>"; };
		9B10B1F3C7FCD9A72F04FC00 /* TeraOpenedMediaTests.swift */ = {isa = PBXFileReference; lastKnownFileType = sourcecode.swift; path = TeraOpenedMediaTests.swift; sourceTree = "<group>"; };
		9BC55E41FBE589010038FDA5 /* TeraTodaySyncReceiptTests.swift */ = {isa = PBXFileReference; lastKnownFileType = sourcecode.swift; path = TeraTodaySyncReceiptTests.swift; sourceTree = "<group>"; };
		9ED6D3E35C3235B6068E1902 /* TeraScopeBackend.swift */ = {isa = PBXFileReference; lastKnownFileType = sourcecode.swift; path = TeraScopeBackend.swift; sourceTree = "<group>"; };
		9F22CFABCF27A28408F68D25 /* TeraAddStoreTests.swift */ = {isa = PBXFileReference; lastKnownFileType = sourcecode.swift; path = TeraAddStoreTests.swift; sourceTree = "<group>"; };
		9F54FC4930051FC4611B37D3 /* tera */ = {isa = PBXFileReference; lastKnownFileType = folder; name = tera; path = .; sourceTree = SOURCE_ROOT; };
		A5938176A92F96A30CC39DFB /* TeraComposerPersistenceFFITests.swift */ = {isa = PBXFileReference; lastKnownFileType = sourcecode.swift; path = TeraComposerPersistenceFFITests.swift; sourceTree = "<group>"; };
		AB8A30A75EFD65EFD938D248 /* Assets.xcassets */ = {isa = PBXFileReference; lastKnownFileType = folder.assetcatalog; path = Assets.xcassets; sourceTree = "<group>"; };
		ADFD21D28C5F9E58B70E76CA /* Localizable.strings */ = {isa = PBXFileReference; lastKnownFileType = text.plist.strings; path = Localizable.strings; sourceTree = "<group>"; };
		B4D3FEE2830E056E82AF05FD /* TeraTodayBackfillTests.swift */ = {isa = PBXFileReference; lastKnownFileType = sourcecode.swift; path = TeraTodayBackfillTests.swift; sourceTree = "<group>"; };
		BAD45A3134A16704CBE4B1A5 /* TeraStateTestFixtures.swift */ = {isa = PBXFileReference; lastKnownFileType = sourcecode.swift; path = TeraStateTestFixtures.swift; sourceTree = "<group>"; };
		BD39C5F3460EEF38B98D78B4 /* TeraStoreRecoveryTests.swift */ = {isa = PBXFileReference; lastKnownFileType = sourcecode.swift; path = TeraStoreRecoveryTests.swift; sourceTree = "<group>"; };
		C0636AEDEB50DDDD328374A9 /* TeraSupportingStoreTests.swift */ = {isa = PBXFileReference; lastKnownFileType = sourcecode.swift; path = TeraSupportingStoreTests.swift; sourceTree = "<group>"; };
		C1DBB5D9AC2FE8EA3AE68458 /* Release.xcconfig */ = {isa = PBXFileReference; lastKnownFileType = text.xcconfig; path = Release.xcconfig; sourceTree = "<group>"; };
		C4D01C023E258AC3B3B1C27D /* TeraRuntimeResourceTaskTests.swift */ = {isa = PBXFileReference; lastKnownFileType = sourcecode.swift; path = TeraRuntimeResourceTaskTests.swift; sourceTree = "<group>"; };
		C890BDE885536BC2AB215393 /* TeraLifecycleTests.swift */ = {isa = PBXFileReference; lastKnownFileType = sourcecode.swift; path = TeraLifecycleTests.swift; sourceTree = "<group>"; };
		CF28A9D711806A07A4A65EA8 /* TeraScopedStoreTests.swift */ = {isa = PBXFileReference; lastKnownFileType = sourcecode.swift; path = TeraScopedStoreTests.swift; sourceTree = "<group>"; };
		D2C0B898B9BFDB82CF3B5EFB /* TeraAddMediaHarness.swift */ = {isa = PBXFileReference; lastKnownFileType = sourcecode.swift; path = TeraAddMediaHarness.swift; sourceTree = "<group>"; };
		D3C914B349DAE2EF66658229 /* TeraMediaFileFixture.swift */ = {isa = PBXFileReference; lastKnownFileType = sourcecode.swift; path = TeraMediaFileFixture.swift; sourceTree = "<group>"; };
		D8ED2718D5E9E8980ADF3423 /* TeraAddSchemaFixtures.swift */ = {isa = PBXFileReference; lastKnownFileType = sourcecode.swift; path = TeraAddSchemaFixtures.swift; sourceTree = "<group>"; };
		DE21EEF3B1A13F1B5A10A3BF /* TeraComposerStartupTests.swift */ = {isa = PBXFileReference; lastKnownFileType = sourcecode.swift; path = TeraComposerStartupTests.swift; sourceTree = "<group>"; };
		DE9E724A23014C6EA9042123 /* Tera.app */ = {isa = PBXFileReference; includeInIndex = 0; lastKnownFileType = wrapper.application; path = Tera.app; sourceTree = BUILT_PRODUCTS_DIR; };
		E351F52E77C74A4E99095E45 /* TeraRemoteQualificationTests.swift */ = {isa = PBXFileReference; lastKnownFileType = sourcecode.swift; path = TeraRemoteQualificationTests.swift; sourceTree = "<group>"; };
		E55E47B15C42F13ABF2DFF27 /* TeraComposerAutosaveTests.swift */ = {isa = PBXFileReference; lastKnownFileType = sourcecode.swift; path = TeraComposerAutosaveTests.swift; sourceTree = "<group>"; };
		E75B60DBDD8C581D76E6F957 /* TeraScopedObservationTests.swift */ = {isa = PBXFileReference; lastKnownFileType = sourcecode.swift; path = TeraScopedObservationTests.swift; sourceTree = "<group>"; };
		ECE8A3704AB9582A5E461195 /* TeraDraftRecoveryTests.swift */ = {isa = PBXFileReference; lastKnownFileType = sourcecode.swift; path = TeraDraftRecoveryTests.swift; sourceTree = "<group>"; };
		EFBAA57ABEAA4B84C73EE8E8 /* TeraScopedMediaTests.swift */ = {isa = PBXFileReference; lastKnownFileType = sourcecode.swift; path = TeraScopedMediaTests.swift; sourceTree = "<group>"; };
		EFECCBF9A84D1D65544C6094 /* TeraTodayContextTests.swift */ = {isa = PBXFileReference; lastKnownFileType = sourcecode.swift; path = TeraTodayContextTests.swift; sourceTree = "<group>"; };
		F0A51F9AF2E0803264E07FBB /* TeraRuntimeResourceFixtures.swift */ = {isa = PBXFileReference; lastKnownFileType = sourcecode.swift; path = TeraRuntimeResourceFixtures.swift; sourceTree = "<group>"; };
		F596D3A9B9E236963DCE15D7 /* TeraMediaBudgetTests.swift */ = {isa = PBXFileReference; lastKnownFileType = sourcecode.swift; path = TeraMediaBudgetTests.swift; sourceTree = "<group>"; };
		F65B01F6F5F7E125148EC4FD /* TeraTodayReconciliationFFITests.swift */ = {isa = PBXFileReference; lastKnownFileType = sourcecode.swift; path = TeraTodayReconciliationFFITests.swift; sourceTree = "<group>"; };
		FA1A8EA600F6BDC45333520C /* TeraCalendarComposerFFITests.swift */ = {isa = PBXFileReference; lastKnownFileType = sourcecode.swift; path = TeraCalendarComposerFFITests.swift; sourceTree = "<group>"; };
		FB77C087F15C2F42CD959607 /* TeraRuntimeClientTests.swift */ = {isa = PBXFileReference; lastKnownFileType = sourcecode.swift; path = TeraRuntimeClientTests.swift; sourceTree = "<group>"; };
/* End PBXFileReference section */

/* Begin PBXFrameworksBuildPhase section */
		0C55D66910BB8087B48BB40F /* Frameworks */ = {
			isa = PBXFrameworksBuildPhase;
			buildActionMask = 2147483647;
			files = (
				2C6DDB502DFA11C2CBCA49C4 /* TeraApp in Frameworks */,
				B2DAAE01D16E1FAC35816DED /* RadrootsKit in Frameworks */,
			);
			runOnlyForDeploymentPostprocessing = 0;
		};
		49FE0CFDDC63DC7BB8606AE3 /* Frameworks */ = {
			isa = PBXFrameworksBuildPhase;
			buildActionMask = 2147483647;
			files = (
				1D45B3D566A0A60063190854 /* TeraApp in Frameworks */,
			);
			runOnlyForDeploymentPostprocessing = 0;
		};
/* End PBXFrameworksBuildPhase section */

/* Begin PBXGroup section */
		1EFC18A250A6110CAF07AFF5 /* en.lproj */ = {
			isa = PBXGroup;
			children = (
				ADFD21D28C5F9E58B70E76CA /* Localizable.strings */,
			);
			name = en.lproj;
			path = Tera/Resources/en.lproj;
			sourceTree = "<group>";
		};
		346963F5BDF916F6BC10D6F6 /* TeraUITests */ = {
			isa = PBXGroup;
			children = (
				32CBDAE974FB8D7408108E69 /* TeraRemoteQualificationUITests.swift */,
				5238B5F236C392C82CEF9838 /* TeraRootShellUITests.swift */,
			);
			path = TeraUITests;
			sourceTree = "<group>";
		};
		4526D24C286CB3F9DAE25A14 /* test-fixtures */ = {
			isa = PBXGroup;
			children = (
				27D9D40699A01FFB02F30B11 /* local-social-personas.v1.json */,
			);
			path = "test-fixtures";
			sourceTree = "<group>";
		};
		4A650A5BE0DF95C5939FF266 /* Products */ = {
			isa = PBXGroup;
			children = (
				DE9E724A23014C6EA9042123 /* Tera.app */,
				999BDCEF144A19F35D048D15 /* TeraTests.xctest */,
				0CDE3D76E1EDF909C19D0506 /* TeraUITests.xctest */,
			);
			name = Products;
			sourceTree = "<group>";
		};
		50B89388753A1FCD1B2A4F38 /* TeraTests */ = {
			isa = PBXGroup;
			children = (
				D2C0B898B9BFDB82CF3B5EFB /* TeraAddMediaHarness.swift */,
				44A4460928B20A21A94BECCE /* TeraAddObservationStartupTests.swift */,
				D8ED2718D5E9E8980ADF3423 /* TeraAddSchemaFixtures.swift */,
				9F22CFABCF27A28408F68D25 /* TeraAddStoreTests.swift */,
				61D8C0835D5A1D5C36D80020 /* TeraBackgroundUploadFixtures.swift */,
				58E711687008866790042792 /* TeraBindingPortabilityTests.swift */,
				FA1A8EA600F6BDC45333520C /* TeraCalendarComposerFFITests.swift */,
				27C48B4B5442B1A404C1A328 /* TeraCalendarEditingTests.swift */,
				3B808E67E85CD36E49C38B6F /* TeraCalendarFFICompatibilityTests.swift */,
				5CFC5639BDCD2A5C1C27FE38 /* TeraCalendarPresentationTests.swift */,
				36AF0D194520F0F02EAD6B50 /* TeraCalendarTimingTests.swift */,
				2A506546B0EC1792240C36F7 /* TeraClockTests.swift */,
				E55E47B15C42F13ABF2DFF27 /* TeraComposerAutosaveTests.swift */,
				A5938176A92F96A30CC39DFB /* TeraComposerPersistenceFFITests.swift */,
				DE21EEF3B1A13F1B5A10A3BF /* TeraComposerStartupTests.swift */,
				ECE8A3704AB9582A5E461195 /* TeraDraftRecoveryTests.swift */,
				93A3358AFC23C567DB9CB02F /* TeraErrorRecoveryTests.swift */,
				C890BDE885536BC2AB215393 /* TeraLifecycleTests.swift */,
				F596D3A9B9E236963DCE15D7 /* TeraMediaBudgetTests.swift */,
				D3C914B349DAE2EF66658229 /* TeraMediaFileFixture.swift */,
				2521493B0CD2B82445974E81 /* TeraMediaOwnershipFFITests.swift */,
				61B6F0B16BFD8F046E9C163F /* TeraMediaStoreTests.swift */,
				27E1E87F9A11E85700F38635 /* TeraMediaVisibilityTests.swift */,
				02F322CF98F8BEB908B93215 /* TeraMutationAdmissionTests.swift */,
				21DD785439F415278214D746 /* TeraObservationCoalescingTests.swift */,
				74FCF1C4A8A7137623BBE223 /* TeraOpenedMediaCloseFixture.swift */,
				9B10B1F3C7FCD9A72F04FC00 /* TeraOpenedMediaTests.swift */,
				7AF60EF9DCFDC4ECE77AED67 /* TeraProductStartupTests.swift */,
				E351F52E77C74A4E99095E45 /* TeraRemoteQualificationTests.swift */,
				6B8677670E203FF68EC88983 /* TeraRootShellTests.swift */,
				8591841AD9AB9B718A37EB47 /* TeraRuntimeBackpressureTests.swift */,
				2A4FFC0023C620B68D0EC0ED /* TeraRuntimeBoundedTaskTests.swift */,
				88ED360C84532DA7088BFC6E /* TeraRuntimeClientFixtures.swift */,
				FB77C087F15C2F42CD959607 /* TeraRuntimeClientTests.swift */,
				73EBD10E201ECA26DCED523F /* TeraRuntimeInvalidationTests.swift */,
				F0A51F9AF2E0803264E07FBB /* TeraRuntimeResourceFixtures.swift */,
				226F5C2370522AAFAD9D1C3D /* TeraRuntimeResourceLifecycleTests.swift */,
				C4D01C023E258AC3B3B1C27D /* TeraRuntimeResourceTaskTests.swift */,
				91E82E561F73A1BE6BBF09B7 /* TeraRuntimeShutdownTests.swift */,
				9ED6D3E35C3235B6068E1902 /* TeraScopeBackend.swift */,
				3A756C16ACFABBD36C48DF62 /* TeraScopedAddTests.swift */,
				EFBAA57ABEAA4B84C73EE8E8 /* TeraScopedMediaTests.swift */,
				E75B60DBDD8C581D76E6F957 /* TeraScopedObservationTests.swift */,
				CF28A9D711806A07A4A65EA8 /* TeraScopedStoreTests.swift */,
				11E9C876EA26B30C8AFE116F /* TeraScopeFixtures.swift */,
				7C0836F5D5F71F9A54795C57 /* TeraSessionGenerationTests.swift */,
				4383B870D20178E633610113 /* TeraSessionResourceTests.swift */,
				98E969BCFF7CED33A1D4A040 /* TeraStateMigrationTests.swift */,
				BAD45A3134A16704CBE4B1A5 /* TeraStateTestFixtures.swift */,
				BD39C5F3460EEF38B98D78B4 /* TeraStoreRecoveryTests.swift */,
				C0636AEDEB50DDDD328374A9 /* TeraSupportingStoreTests.swift */,
				B4D3FEE2830E056E82AF05FD /* TeraTodayBackfillTests.swift */,
				53CB51FEF4CE772320B3264C /* TeraTodayCacheFirstTests.swift */,
				6D2BE93A0818202625CAF1F5 /* TeraTodayCalendarScopeTests.swift */,
				EFECCBF9A84D1D65544C6094 /* TeraTodayContextTests.swift */,
				8120C6BA40C3087C4D11D432 /* TeraTodayPagingTests.swift */,
				99BE248D1450D76476255626 /* TeraTodayPresentationTests.swift */,
				F65B01F6F5F7E125148EC4FD /* TeraTodayReconciliationFFITests.swift */,
				5EB21C33D6173E4FED05FDA0 /* TeraTodayReconciliationTaskTests.swift */,
				714B4DD70B881D29A89812C9 /* TeraTodayReconciliationTests.swift */,
				7283D1C8F6E90A236BC84AF6 /* TeraTodayRenderingTests.swift */,
				794D475C70BA8ED994D1CA66 /* TeraTodayStoreTests.swift */,
				5854504D0CAD5ABC29302292 /* TeraTodaySyncFixtures.swift */,
				9BC55E41FBE589010038FDA5 /* TeraTodaySyncReceiptTests.swift */,
				46DDEE781FDD92A292FD847B /* TeraUserMessagesTests.swift */,
				8A25842D19BCFDEBCC7D306A /* TeraViewerCalendarTests.swift */,
			);
			path = TeraTests;
			sourceTree = "<group>";
		};
		51FADBCAD9366960895F88D1 /* Packages */ = {
			isa = PBXGroup;
			children = (
				9F54FC4930051FC4611B37D3 /* tera */,
			);
			name = Packages;
			sourceTree = "<group>";
		};
		587FA07B97C720E19966A5B8 = {
			isa = PBXGroup;
			children = (
				C4B662981D34A18E44B6ADF7 /* App */,
				C59B9E3818DFB13F7D0E534F /* Config */,
				1EFC18A250A6110CAF07AFF5 /* en.lproj */,
				51FADBCAD9366960895F88D1 /* Packages */,
				DDE7CA04C2F66BF334384562 /* Resources */,
				50B89388753A1FCD1B2A4F38 /* TeraTests */,
				346963F5BDF916F6BC10D6F6 /* TeraUITests */,
				4526D24C286CB3F9DAE25A14 /* test-fixtures */,
				4A650A5BE0DF95C5939FF266 /* Products */,
			);
			sourceTree = "<group>";
		};
		C4B662981D34A18E44B6ADF7 /* App */ = {
			isa = PBXGroup;
			children = (
				67ACCE25979BA86C1EC5BFD6 /* App.swift */,
			);
			name = App;
			path = Tera/App;
			sourceTree = "<group>";
		};
		C59B9E3818DFB13F7D0E534F /* Config */ = {
			isa = PBXGroup;
			children = (
				57CA176D0A7566A4ADD2CEA4 /* Debug.xcconfig */,
				C1DBB5D9AC2FE8EA3AE68458 /* Release.xcconfig */,
			);
			name = Config;
			path = Tera/Config;
			sourceTree = "<group>";
		};
		DDE7CA04C2F66BF334384562 /* Resources */ = {
			isa = PBXGroup;
			children = (
				AB8A30A75EFD65EFD938D248 /* Assets.xcassets */,
				6967B3EAC4CF1A410B26DD1A /* PrivacyInfo.xcprivacy */,
			);
			name = Resources;
			path = Tera/Resources;
			sourceTree = "<group>";
		};
/* End PBXGroup section */

/* Begin PBXNativeTarget section */
		8DD2B0E1333DDE440F980FAB /* Tera */ = {
			isa = PBXNativeTarget;
			buildConfigurationList = 57824BAFC2B08EABBEF50F35 /* Build configuration list for PBXNativeTarget "Tera" */;
			buildPhases = (
				5664E1E0F506008D5D0940E6 /* Verify installed FFI artifacts */,
				D27352181A82C30C61797197 /* Sources */,
				E0CCFBA5157D6E0195FACD8E /* Resources */,
				49FE0CFDDC63DC7BB8606AE3 /* Frameworks */,
			);
			buildRules = (
			);
			dependencies = (
			);
			name = Tera;
			packageProductDependencies = (
				E666175A800272732A27CBEB /* TeraApp */,
			);
			productName = Tera;
			productReference = DE9E724A23014C6EA9042123 /* Tera.app */;
			productType = "com.apple.product-type.application";
		};
		9E63A6809F85DEB11A608EF1 /* TeraUITests */ = {
			isa = PBXNativeTarget;
			buildConfigurationList = 7EE61EA8517650A8896F6083 /* Build configuration list for PBXNativeTarget "TeraUITests" */;
			buildPhases = (
				B8B9D04F6DF837285CFA6701 /* Sources */,
				CC4167297DD51F263ECEED0F /* Resources */,
			);
			buildRules = (
			);
			dependencies = (
				013235874496AB97EF2F18D2 /* PBXTargetDependency */,
			);
			name = TeraUITests;
			packageProductDependencies = (
			);
			productName = TeraUITests;
			productReference = 0CDE3D76E1EDF909C19D0506 /* TeraUITests.xctest */;
			productType = "com.apple.product-type.bundle.ui-testing";
		};
		F1CB1088590AC25CD3B20681 /* TeraTests */ = {
			isa = PBXNativeTarget;
			buildConfigurationList = 00AFD792FF99098A81A2E4F0 /* Build configuration list for PBXNativeTarget "TeraTests" */;
			buildPhases = (
				043CF80508A308E3D1CF80D3 /* Sources */,
				0C55D66910BB8087B48BB40F /* Frameworks */,
			);
			buildRules = (
			);
			dependencies = (
				508C8659B17FE31B87B8D0A1 /* PBXTargetDependency */,
			);
			name = TeraTests;
			packageProductDependencies = (
				A1979630FE6BC343F0E59F24 /* TeraApp */,
				1A9F6E32DE0C3728D4DB8E60 /* RadrootsKit */,
			);
			productName = TeraTests;
			productReference = 999BDCEF144A19F35D048D15 /* TeraTests.xctest */;
			productType = "com.apple.product-type.bundle.unit-test";
		};
/* End PBXNativeTarget section */

/* Begin PBXProject section */
		4CF37E857DB6B4472D9B7BA9 /* Project object */ = {
			isa = PBXProject;
			attributes = {
				BuildIndependentTargetsInParallel = YES;
				LastUpgradeCheck = 1430;
				TargetAttributes = {
					9E63A6809F85DEB11A608EF1 = {
						TestTargetID = 8DD2B0E1333DDE440F980FAB;
					};
				};
			};
			buildConfigurationList = D694E59ADB78BA81C4992F12 /* Build configuration list for PBXProject "Tera" */;
			developmentRegion = en;
			hasScannedForEncodings = 0;
			knownRegions = (
				Base,
				en,
			);
			mainGroup = 587FA07B97C720E19966A5B8;
			minimizedProjectReferenceProxies = 1;
			packageReferences = (
				8FB1F0AD8677C11E47CBBB1F /* XCRemoteSwiftPackageReference "apple_kit" */,
				289018DE79A44C2915868D2B /* XCLocalSwiftPackageReference "." */,
			);
			preferredProjectObjectVersion = 77;
			productRefGroup = 4A650A5BE0DF95C5939FF266 /* Products */;
			projectDirPath = "";
			projectRoot = "";
			targets = (
				8DD2B0E1333DDE440F980FAB /* Tera */,
				F1CB1088590AC25CD3B20681 /* TeraTests */,
				9E63A6809F85DEB11A608EF1 /* TeraUITests */,
			);
		};
/* End PBXProject section */

/* Begin PBXResourcesBuildPhase section */
		CC4167297DD51F263ECEED0F /* Resources */ = {
			isa = PBXResourcesBuildPhase;
			buildActionMask = 2147483647;
			files = (
				EF7293C553BF1DB45EEEBD49 /* local-social-personas.v1.json in Resources */,
			);
			runOnlyForDeploymentPostprocessing = 0;
		};
		E0CCFBA5157D6E0195FACD8E /* Resources */ = {
			isa = PBXResourcesBuildPhase;
			buildActionMask = 2147483647;
			files = (
				B64A836C5E84924D28CB5D47 /* Assets.xcassets in Resources */,
				B4AE86BE0A9F7FBE0DEBD9AC /* Localizable.strings in Resources */,
				38EF7FA8874E82B28110A232 /* PrivacyInfo.xcprivacy in Resources */,
			);
			runOnlyForDeploymentPostprocessing = 0;
		};
/* End PBXResourcesBuildPhase section */

/* Begin PBXShellScriptBuildPhase section */
		5664E1E0F506008D5D0940E6 /* Verify installed FFI artifacts */ = {
			isa = PBXShellScriptBuildPhase;
			alwaysOutOfDate = 1;
			buildActionMask = 2147483647;
			files = (
			);
			inputFileListPaths = (
			);
			inputPaths = (
			);
			name = "Verify installed FFI artifacts";
			outputFileListPaths = (
			);
			outputPaths = (
			);
			runOnlyForDeploymentPostprocessing = 0;
			shellPath = /bin/sh;
			shellScript = "\"$SRCROOT/TeraFFI/scripts/verify-installed-artifacts.sh\"\n";
		};
/* End PBXShellScriptBuildPhase section */

/* Begin PBXSourcesBuildPhase section */
		043CF80508A308E3D1CF80D3 /* Sources */ = {
			isa = PBXSourcesBuildPhase;
			buildActionMask = 2147483647;
			files = (
				6F01DD614B41209AF277CBE8 /* TeraAddMediaHarness.swift in Sources */,
				F4AF91E71B691FE30C191852 /* TeraAddObservationStartupTests.swift in Sources */,
				FBA9C3463CD1827392AF9599 /* TeraAddSchemaFixtures.swift in Sources */,
				A1AD2A380F09994786889AF1 /* TeraAddStoreTests.swift in Sources */,
				6F53FF88A29F8DF93F074EB4 /* TeraBackgroundUploadFixtures.swift in Sources */,
				FB585785DC906CB2AE4AE535 /* TeraBindingPortabilityTests.swift in Sources */,
				6DB9A1B2B9ABD39613561459 /* TeraCalendarComposerFFITests.swift in Sources */,
				3D219E759CFB685936EB7068 /* TeraCalendarEditingTests.swift in Sources */,
				772A9B1AD8DE1D2E0969F285 /* TeraCalendarFFICompatibilityTests.swift in Sources */,
				BF0BF2D7F46217C4EBCA570C /* TeraCalendarPresentationTests.swift in Sources */,
				9309D7175535546A0C878F75 /* TeraCalendarTimingTests.swift in Sources */,
				70417FB635F06CC9829FB38C /* TeraClockTests.swift in Sources */,
				4B093458FAF4C6E4860E313A /* TeraComposerAutosaveTests.swift in Sources */,
				295A19317FC58A73A68C98DC /* TeraComposerPersistenceFFITests.swift in Sources */,
				3410EC660FF36CC77F5F50DD /* TeraComposerStartupTests.swift in Sources */,
				64F5AD3749E090316C7D015E /* TeraDraftRecoveryTests.swift in Sources */,
				D918A664D9A4B9859A1A6503 /* TeraErrorRecoveryTests.swift in Sources */,
				671EF50DB4EFBC25AABF26DC /* TeraLifecycleTests.swift in Sources */,
				85404A5125CF3E64E6009DC1 /* TeraMediaBudgetTests.swift in Sources */,
				D64AC2FDC6FE05A39114D2DB /* TeraMediaFileFixture.swift in Sources */,
				827D8CC5C0488F0D5D15CE99 /* TeraMediaOwnershipFFITests.swift in Sources */,
				CDBE38E6B521611436F28858 /* TeraMediaStoreTests.swift in Sources */,
				5F252ABA8CA48D5E3A7A0157 /* TeraMediaVisibilityTests.swift in Sources */,
				BB71614D2A6017C071A39BED /* TeraMutationAdmissionTests.swift in Sources */,
				AC33144E09CB0384C4FB090C /* TeraObservationCoalescingTests.swift in Sources */,
				2A68D8FEEC3B88D47D696589 /* TeraOpenedMediaCloseFixture.swift in Sources */,
				6FED2D2255CC702B33CDC760 /* TeraOpenedMediaTests.swift in Sources */,
				C46F8EB5B196FFDD37E0279A /* TeraProductStartupTests.swift in Sources */,
				81AF9DDA0E64DC4EEFCEF25D /* TeraRemoteQualificationTests.swift in Sources */,
				9AD968F0B37C64B5AF8D9A68 /* TeraRootShellTests.swift in Sources */,
				2B50FA35AD753EFA15CF00CD /* TeraRuntimeBackpressureTests.swift in Sources */,
				229C9AC991E67663DA53D339 /* TeraRuntimeBoundedTaskTests.swift in Sources */,
				C219B5F4E24188E1116BF45B /* TeraRuntimeClientFixtures.swift in Sources */,
				912C8743116D929BB6A02778 /* TeraRuntimeClientTests.swift in Sources */,
				7035433B676A50A4801A8DFC /* TeraRuntimeInvalidationTests.swift in Sources */,
				6B0BE8E92892EF60B8E996A5 /* TeraRuntimeResourceFixtures.swift in Sources */,
				9B37084901EC52EB44969304 /* TeraRuntimeResourceLifecycleTests.swift in Sources */,
				F8C87782857DC930D47E6A90 /* TeraRuntimeResourceTaskTests.swift in Sources */,
				39B47EE698E9D7CC716A372F /* TeraRuntimeShutdownTests.swift in Sources */,
				095FBECA7268AA594F614EFA /* TeraScopeBackend.swift in Sources */,
				7DFBB14B53D57555AB0E0BF0 /* TeraScopeFixtures.swift in Sources */,
				2AEAFDD0EECA3B7F799B1287 /* TeraScopedAddTests.swift in Sources */,
				9384AAECB22885E2D05C54A8 /* TeraScopedMediaTests.swift in Sources */,
				625CB9DF8B80A3F12458B49A /* TeraScopedObservationTests.swift in Sources */,
				53651EBAF42E8698717CE936 /* TeraScopedStoreTests.swift in Sources */,
				79D06C6BF2B55C0C4104FB91 /* TeraSessionGenerationTests.swift in Sources */,
				31CBA09815D972CCE187009F /* TeraSessionResourceTests.swift in Sources */,
				852FF7514FF7F682A246FB47 /* TeraStateMigrationTests.swift in Sources */,
				B1B83B8673660E0EC109F74C /* TeraStateTestFixtures.swift in Sources */,
				30EDD3EB0C09D864FC1DD3D4 /* TeraStoreRecoveryTests.swift in Sources */,
				2479571FA99A7962794999C4 /* TeraSupportingStoreTests.swift in Sources */,
				8422EAEECA73BB72974D002A /* TeraTodayBackfillTests.swift in Sources */,
				E98A5C885E3955D4DC4BB1EC /* TeraTodayCacheFirstTests.swift in Sources */,
				C344F7761A4AC79AB74705C9 /* TeraTodayCalendarScopeTests.swift in Sources */,
				9995BC15D67E1C9C29B4A7DC /* TeraTodayContextTests.swift in Sources */,
				5F7F8C48635A1676BD0A7AF6 /* TeraTodayPagingTests.swift in Sources */,
				AA7C3FC1F46B6723A39B1D09 /* TeraTodayPresentationTests.swift in Sources */,
				C0C7D6F0CBCE262C348D3C3E /* TeraTodayReconciliationFFITests.swift in Sources */,
				141327BC6BAE2CFA2C62C584 /* TeraTodayReconciliationTaskTests.swift in Sources */,
				D86A417A36A2186AB7777753 /* TeraTodayReconciliationTests.swift in Sources */,
				17805D95512D7144DAC59D85 /* TeraTodayRenderingTests.swift in Sources */,
				64D49ADFD3FDD54CBA509DC5 /* TeraTodayStoreTests.swift in Sources */,
				E4E85524E39F13D6C76650F1 /* TeraTodaySyncFixtures.swift in Sources */,
				DBA4B403D65289242AFDDB07 /* TeraTodaySyncReceiptTests.swift in Sources */,
				4734A842C366608EC1BD31C5 /* TeraUserMessagesTests.swift in Sources */,
				2F4FA28EEA78711CE1FA03B8 /* TeraViewerCalendarTests.swift in Sources */,
			);
			runOnlyForDeploymentPostprocessing = 0;
		};
		B8B9D04F6DF837285CFA6701 /* Sources */ = {
			isa = PBXSourcesBuildPhase;
			buildActionMask = 2147483647;
			files = (
				C3177E827FE62639579C3EF5 /* TeraRemoteQualificationUITests.swift in Sources */,
				DF97F408D7D32F72C5AF5939 /* TeraRootShellUITests.swift in Sources */,
			);
			runOnlyForDeploymentPostprocessing = 0;
		};
		D27352181A82C30C61797197 /* Sources */ = {
			isa = PBXSourcesBuildPhase;
			buildActionMask = 2147483647;
			files = (
				E508A7061082B091B733D62B /* App.swift in Sources */,
			);
			runOnlyForDeploymentPostprocessing = 0;
		};
/* End PBXSourcesBuildPhase section */

/* Begin PBXTargetDependency section */
		013235874496AB97EF2F18D2 /* PBXTargetDependency */ = {
			isa = PBXTargetDependency;
			target = 8DD2B0E1333DDE440F980FAB /* Tera */;
			targetProxy = 76EDCE28535C20D9DE531133 /* PBXContainerItemProxy */;
		};
		508C8659B17FE31B87B8D0A1 /* PBXTargetDependency */ = {
			isa = PBXTargetDependency;
			target = 8DD2B0E1333DDE440F980FAB /* Tera */;
			targetProxy = 9170B71C2E5705AFBD0404C3 /* PBXContainerItemProxy */;
		};
/* End PBXTargetDependency section */

/* Begin XCBuildConfiguration section */
		1C1DE68D23BF06A11CD4C24F /* Release */ = {
			isa = XCBuildConfiguration;
			buildSettings = {
				BUNDLE_LOADER = "$(TEST_HOST)";
				"EXCLUDED_ARCHS[sdk=iphonesimulator*]" = x86_64;
				GENERATE_INFOPLIST_FILE = YES;
				IPHONEOS_DEPLOYMENT_TARGET = 18.0;
				LD_RUNPATH_SEARCH_PATHS = (
					"$(inherited)",
					"@executable_path/Frameworks",
					"@loader_path/Frameworks",
				);
				PRODUCT_BUNDLE_IDENTIFIER = "org.radroots.field-ios.tests";
				SDKROOT = iphoneos;
				SWIFT_VERSION = 6.0;
				TARGETED_DEVICE_FAMILY = "1,2";
				TEST_HOST = "$(BUILT_PRODUCTS_DIR)/Tera.app/Tera";
			};
			name = Release;
		};
		4C5A27E0384FA6064216A6A0 /* Release */ = {
			isa = XCBuildConfiguration;
			buildSettings = {
				BUNDLE_LOADER = "$(TEST_HOST)";
				"EXCLUDED_ARCHS[sdk=iphonesimulator*]" = x86_64;
				GENERATE_INFOPLIST_FILE = NO;
				INFOPLIST_FILE = TeraUITests/Info.plist;
				IPHONEOS_DEPLOYMENT_TARGET = 18.0;
				LD_RUNPATH_SEARCH_PATHS = (
					"$(inherited)",
					"@executable_path/Frameworks",
					"@loader_path/Frameworks",
				);
				PRODUCT_BUNDLE_IDENTIFIER = "org.radroots.field-ios.uitests";
				SDKROOT = iphoneos;
				SWIFT_VERSION = 6.0;
				TARGETED_DEVICE_FAMILY = "1,2";
				TEST_TARGET_NAME = Tera;
			};
			name = Release;
		};
		4F11544AD11FE6F740F0C424 /* Debug */ = {
			isa = XCBuildConfiguration;
			baseConfigurationReference = 57CA176D0A7566A4ADD2CEA4 /* Debug.xcconfig */;
			buildSettings = {
				ASSETCATALOG_COMPILER_APPICON_NAME = AppIcon;
				CODE_SIGN_IDENTITY = "iPhone Developer";
				"EXCLUDED_ARCHS[sdk=iphonesimulator*]" = x86_64;
				INFOPLIST_FILE = Tera/Info.plist;
				IPHONEOS_DEPLOYMENT_TARGET = 18.0;
				LD_RUNPATH_SEARCH_PATHS = (
					"$(inherited)",
					"@executable_path/Frameworks",
				);
				SDKROOT = iphoneos;
				SWIFT_VERSION = 6.0;
				TARGETED_DEVICE_FAMILY = "1,2";
			};
			name = Debug;
		};
		6AC6D170EA025AEB8DE064FF /* Release */ = {
			isa = XCBuildConfiguration;
			baseConfigurationReference = C1DBB5D9AC2FE8EA3AE68458 /* Release.xcconfig */;
			buildSettings = {
				ASSETCATALOG_COMPILER_APPICON_NAME = AppIcon;
				CODE_SIGN_IDENTITY = "iPhone Developer";
				"EXCLUDED_ARCHS[sdk=iphonesimulator*]" = x86_64;
				INFOPLIST_FILE = Tera/Info.plist;
				IPHONEOS_DEPLOYMENT_TARGET = 18.0;
				LD_RUNPATH_SEARCH_PATHS = (
					"$(inherited)",
					"@executable_path/Frameworks",
				);
				SDKROOT = iphoneos;
				SWIFT_VERSION = 6.0;
				TARGETED_DEVICE_FAMILY = "1,2";
			};
			name = Release;
		};
		9BB0761F7CC14243D3D1A0E3 /* Debug */ = {
			isa = XCBuildConfiguration;
			buildSettings = {
				BUNDLE_LOADER = "$(TEST_HOST)";
				"EXCLUDED_ARCHS[sdk=iphonesimulator*]" = x86_64;
				GENERATE_INFOPLIST_FILE = NO;
				INFOPLIST_FILE = TeraUITests/Info.plist;
				IPHONEOS_DEPLOYMENT_TARGET = 18.0;
				LD_RUNPATH_SEARCH_PATHS = (
					"$(inherited)",
					"@executable_path/Frameworks",
					"@loader_path/Frameworks",
				);
				PRODUCT_BUNDLE_IDENTIFIER = "org.radroots.field-ios.uitests";
				SDKROOT = iphoneos;
				SWIFT_VERSION = 6.0;
				TARGETED_DEVICE_FAMILY = "1,2";
				TEST_TARGET_NAME = Tera;
			};
			name = Debug;
		};
		9DBD265E807B1BB210394E25 /* Debug */ = {
			isa = XCBuildConfiguration;
			buildSettings = {
				ALWAYS_SEARCH_USER_PATHS = NO;
				CLANG_ANALYZER_NONNULL = YES;
				CLANG_ANALYZER_NUMBER_OBJECT_CONVERSION = YES_AGGRESSIVE;
				CLANG_CXX_LANGUAGE_STANDARD = "gnu++14";
				CLANG_CXX_LIBRARY = "libc++";
				CLANG_ENABLE_MODULES = YES;
				CLANG_ENABLE_OBJC_ARC = YES;
				CLANG_ENABLE_OBJC_WEAK = YES;
				CLANG_WARN_BLOCK_CAPTURE_AUTORELEASING = YES;
				CLANG_WARN_BOOL_CONVERSION = YES;
				CLANG_WARN_COMMA = YES;
				CLANG_WARN_CONSTANT_CONVERSION = YES;
				CLANG_WARN_DEPRECATED_OBJC_IMPLEMENTATIONS = YES;
				CLANG_WARN_DIRECT_OBJC_ISA_USAGE = YES_ERROR;
				CLANG_WARN_DOCUMENTATION_COMMENTS = YES;
				CLANG_WARN_EMPTY_BODY = YES;
				CLANG_WARN_ENUM_CONVERSION = YES;
				CLANG_WARN_INFINITE_RECURSION = YES;
				CLANG_WARN_INT_CONVERSION = YES;
				CLANG_WARN_NON_LITERAL_NULL_CONVERSION = YES;
				CLANG_WARN_OBJC_IMPLICIT_RETAIN_SELF = YES;
				CLANG_WARN_OBJC_LITERAL_CONVERSION = YES;
				CLANG_WARN_OBJC_ROOT_CLASS = YES_ERROR;
				CLANG_WARN_QUOTED_INCLUDE_IN_FRAMEWORK_HEADER = YES;
				CLANG_WARN_RANGE_LOOP_ANALYSIS = YES;
				CLANG_WARN_STRICT_PROTOTYPES = YES;
				CLANG_WARN_SUSPICIOUS_MOVE = YES;
				CLANG_WARN_UNGUARDED_AVAILABILITY = YES_AGGRESSIVE;
				CLANG_WARN_UNREACHABLE_CODE = YES;
				CLANG_WARN__DUPLICATE_METHOD_MATCH = YES;
				COPY_PHASE_STRIP = NO;
				DEBUG_INFORMATION_FORMAT = dwarf;
				ENABLE_STRICT_OBJC_MSGSEND = YES;
				ENABLE_TESTABILITY = YES;
				GCC_C_LANGUAGE_STANDARD = gnu11;
				GCC_DYNAMIC_NO_PIC = NO;
				GCC_NO_COMMON_BLOCKS = YES;
				GCC_OPTIMIZATION_LEVEL = 0;
				GCC_PREPROCESSOR_DEFINITIONS = (
					"$(inherited)",
					"DEBUG=1",
				);
				GCC_WARN_64_TO_32_BIT_CONVERSION = YES;
				GCC_WARN_ABOUT_RETURN_TYPE = YES_ERROR;
				GCC_WARN_UNDECLARED_SELECTOR = YES;
				GCC_WARN_UNINITIALIZED_AUTOS = YES_AGGRESSIVE;
				GCC_WARN_UNUSED_FUNCTION = YES;
				GCC_WARN_UNUSED_VARIABLE = YES;
				IPHONEOS_DEPLOYMENT_TARGET = 18.0;
				MTL_ENABLE_DEBUG_INFO = INCLUDE_SOURCE;
				MTL_FAST_MATH = YES;
				ONLY_ACTIVE_ARCH = YES;
				PRODUCT_NAME = "$(TARGET_NAME)";
				SDKROOT = iphoneos;
				SWIFT_ACTIVE_COMPILATION_CONDITIONS = DEBUG;
				SWIFT_OPTIMIZATION_LEVEL = "-Onone";
				SWIFT_VERSION = 5.0;
			};
			name = Debug;
		};
		A5E4AEC4D4C40E93A8E5AF32 /* Debug */ = {
			isa = XCBuildConfiguration;
			buildSettings = {
				BUNDLE_LOADER = "$(TEST_HOST)";
				"EXCLUDED_ARCHS[sdk=iphonesimulator*]" = x86_64;
				GENERATE_INFOPLIST_FILE = YES;
				IPHONEOS_DEPLOYMENT_TARGET = 18.0;
				LD_RUNPATH_SEARCH_PATHS = (
					"$(inherited)",
					"@executable_path/Frameworks",
					"@loader_path/Frameworks",
				);
				PRODUCT_BUNDLE_IDENTIFIER = "org.radroots.field-ios.tests";
				SDKROOT = iphoneos;
				SWIFT_VERSION = 6.0;
				TARGETED_DEVICE_FAMILY = "1,2";
				TEST_HOST = "$(BUILT_PRODUCTS_DIR)/Tera.app/Tera";
			};
			name = Debug;
		};
		C04D6D3DDC2DDB92EF0B3C1D /* Release */ = {
			isa = XCBuildConfiguration;
			buildSettings = {
				ALWAYS_SEARCH_USER_PATHS = NO;
				CLANG_ANALYZER_NONNULL = YES;
				CLANG_ANALYZER_NUMBER_OBJECT_CONVERSION = YES_AGGRESSIVE;
				CLANG_CXX_LANGUAGE_STANDARD = "gnu++14";
				CLANG_CXX_LIBRARY = "libc++";
				CLANG_ENABLE_MODULES = YES;
				CLANG_ENABLE_OBJC_ARC = YES;
				CLANG_ENABLE_OBJC_WEAK = YES;
				CLANG_WARN_BLOCK_CAPTURE_AUTORELEASING = YES;
				CLANG_WARN_BOOL_CONVERSION = YES;
				CLANG_WARN_COMMA = YES;
				CLANG_WARN_CONSTANT_CONVERSION = YES;
				CLANG_WARN_DEPRECATED_OBJC_IMPLEMENTATIONS = YES;
				CLANG_WARN_DIRECT_OBJC_ISA_USAGE = YES_ERROR;
				CLANG_WARN_DOCUMENTATION_COMMENTS = YES;
				CLANG_WARN_EMPTY_BODY = YES;
				CLANG_WARN_ENUM_CONVERSION = YES;
				CLANG_WARN_INFINITE_RECURSION = YES;
				CLANG_WARN_INT_CONVERSION = YES;
				CLANG_WARN_NON_LITERAL_NULL_CONVERSION = YES;
				CLANG_WARN_OBJC_IMPLICIT_RETAIN_SELF = YES;
				CLANG_WARN_OBJC_LITERAL_CONVERSION = YES;
				CLANG_WARN_OBJC_ROOT_CLASS = YES_ERROR;
				CLANG_WARN_QUOTED_INCLUDE_IN_FRAMEWORK_HEADER = YES;
				CLANG_WARN_RANGE_LOOP_ANALYSIS = YES;
				CLANG_WARN_STRICT_PROTOTYPES = YES;
				CLANG_WARN_SUSPICIOUS_MOVE = YES;
				CLANG_WARN_UNGUARDED_AVAILABILITY = YES_AGGRESSIVE;
				CLANG_WARN_UNREACHABLE_CODE = YES;
				CLANG_WARN__DUPLICATE_METHOD_MATCH = YES;
				COPY_PHASE_STRIP = NO;
				DEBUG_INFORMATION_FORMAT = "dwarf-with-dsym";
				ENABLE_NS_ASSERTIONS = NO;
				ENABLE_STRICT_OBJC_MSGSEND = YES;
				GCC_C_LANGUAGE_STANDARD = gnu11;
				GCC_NO_COMMON_BLOCKS = YES;
				GCC_WARN_64_TO_32_BIT_CONVERSION = YES;
				GCC_WARN_ABOUT_RETURN_TYPE = YES_ERROR;
				GCC_WARN_UNDECLARED_SELECTOR = YES;
				GCC_WARN_UNINITIALIZED_AUTOS = YES_AGGRESSIVE;
				GCC_WARN_UNUSED_FUNCTION = YES;
				GCC_WARN_UNUSED_VARIABLE = YES;
				IPHONEOS_DEPLOYMENT_TARGET = 18.0;
				MTL_ENABLE_DEBUG_INFO = NO;
				MTL_FAST_MATH = YES;
				PRODUCT_NAME = "$(TARGET_NAME)";
				SDKROOT = iphoneos;
				SWIFT_COMPILATION_MODE = wholemodule;
				SWIFT_OPTIMIZATION_LEVEL = "-O";
				SWIFT_VERSION = 5.0;
			};
			name = Release;
		};
/* End XCBuildConfiguration section */

/* Begin XCConfigurationList section */
		00AFD792FF99098A81A2E4F0 /* Build configuration list for PBXNativeTarget "TeraTests" */ = {
			isa = XCConfigurationList;
			buildConfigurations = (
				A5E4AEC4D4C40E93A8E5AF32 /* Debug */,
				1C1DE68D23BF06A11CD4C24F /* Release */,
			);
			defaultConfigurationIsVisible = 0;
			defaultConfigurationName = Debug;
		};
		57824BAFC2B08EABBEF50F35 /* Build configuration list for PBXNativeTarget "Tera" */ = {
			isa = XCConfigurationList;
			buildConfigurations = (
				4F11544AD11FE6F740F0C424 /* Debug */,
				6AC6D170EA025AEB8DE064FF /* Release */,
			);
			defaultConfigurationIsVisible = 0;
			defaultConfigurationName = Debug;
		};
		7EE61EA8517650A8896F6083 /* Build configuration list for PBXNativeTarget "TeraUITests" */ = {
			isa = XCConfigurationList;
			buildConfigurations = (
				9BB0761F7CC14243D3D1A0E3 /* Debug */,
				4C5A27E0384FA6064216A6A0 /* Release */,
			);
			defaultConfigurationIsVisible = 0;
			defaultConfigurationName = Debug;
		};
		D694E59ADB78BA81C4992F12 /* Build configuration list for PBXProject "Tera" */ = {
			isa = XCConfigurationList;
			buildConfigurations = (
				9DBD265E807B1BB210394E25 /* Debug */,
				C04D6D3DDC2DDB92EF0B3C1D /* Release */,
			);
			defaultConfigurationIsVisible = 0;
			defaultConfigurationName = Debug;
		};
/* End XCConfigurationList section */

/* Begin XCLocalSwiftPackageReference section */
		289018DE79A44C2915868D2B /* XCLocalSwiftPackageReference "." */ = {
			isa = XCLocalSwiftPackageReference;
			relativePath = .;
		};
/* End XCLocalSwiftPackageReference section */

/* Begin XCRemoteSwiftPackageReference section */
		8FB1F0AD8677C11E47CBBB1F /* XCRemoteSwiftPackageReference "apple_kit" */ = {
			isa = XCRemoteSwiftPackageReference;
			repositoryURL = "https://github.com/radrootslabs/apple_kit.git";
			requirement = {
				kind = revision;
				revision = 35aedb6b54ff645b663fecff26082b3e91fcb232;
			};
		};
/* End XCRemoteSwiftPackageReference section */

/* Begin XCSwiftPackageProductDependency section */
		1A9F6E32DE0C3728D4DB8E60 /* RadrootsKit */ = {
			isa = XCSwiftPackageProductDependency;
			package = 8FB1F0AD8677C11E47CBBB1F /* XCRemoteSwiftPackageReference "apple_kit" */;
			productName = RadrootsKit;
		};
		A1979630FE6BC343F0E59F24 /* TeraApp */ = {
			isa = XCSwiftPackageProductDependency;
			productName = TeraApp;
		};
		E666175A800272732A27CBEB /* TeraApp */ = {
			isa = XCSwiftPackageProductDependency;
			productName = TeraApp;
		};
/* End XCSwiftPackageProductDependency section */
	};
	rootObject = 4CF37E857DB6B4472D9B7BA9 /* Project object */;
}
