// !$*UTF8*$!
{
	archiveVersion = 1;
	classes = {
	};
	objectVersion = 77;
	objects = {

/* Begin PBXBuildFile section */
		0376BB3ECA35B44625702BFE /* RadrootsApp in Frameworks */ = {isa = PBXBuildFile; productRef = E17BA8C6979DF56FB5F385B8 /* RadrootsApp */; };
		27B7FB991398E2BE7034C72E /* RadrootsAddStoreTests.swift in Sources */ = {isa = PBXBuildFile; fileRef = 42C296DF1E35100FE59C04D3 /* RadrootsAddStoreTests.swift */; };
		29A679AE87129E7CBAEA72E9 /* RadrootsRemoteQualificationUITests.swift in Sources */ = {isa = PBXBuildFile; fileRef = 0F542C82F0CCB540500C711B /* RadrootsRemoteQualificationUITests.swift */; };
		3BCAFE2B1A96BBE5D741D8FC /* RadrootsSupportingStoreTests.swift in Sources */ = {isa = PBXBuildFile; fileRef = 41B94CEAFD958CE92D6B9265 /* RadrootsSupportingStoreTests.swift */; };
		51FE0A95B71A5D4EDCEB0748 /* RadrootsStateMigrationTests.swift in Sources */ = {isa = PBXBuildFile; fileRef = C26D512B6CBD1A9BE4780682 /* RadrootsStateMigrationTests.swift */; };
		60B853393C8DF4FDF2C01CAF /* PrivacyInfo.xcprivacy in Resources */ = {isa = PBXBuildFile; fileRef = 81E991EAE0A0EAB4853747C6 /* PrivacyInfo.xcprivacy */; };
		75C044403AF08F7230DE9485 /* RadrootsRootShellUITests.swift in Sources */ = {isa = PBXBuildFile; fileRef = CF484F988B3D1D3D81880388 /* RadrootsRootShellUITests.swift */; };
		7CF6D05AC3F7C8CAD56E3A91 /* RadrootsRootShellTests.swift in Sources */ = {isa = PBXBuildFile; fileRef = B8F89E4B3A775E88F661B891 /* RadrootsRootShellTests.swift */; };
		A8D166BCD8AFCDAF764081BB /* RadrootsRemoteQualificationTests.swift in Sources */ = {isa = PBXBuildFile; fileRef = 3EA625EE81EC684D43E43CD0 /* RadrootsRemoteQualificationTests.swift */; };
		AEEF096F40BCBC6D66A3BF32 /* RadrootsMediaStoreTests.swift in Sources */ = {isa = PBXBuildFile; fileRef = 8E51B7E9599732A711D60E1B /* RadrootsMediaStoreTests.swift */; };
		B96AE9EA220193EBFB456190 /* local-social-personas.v1.json in Resources */ = {isa = PBXBuildFile; fileRef = 6EEC64FD7D3756E9C29B4A81 /* local-social-personas.v1.json */; };
		C356F2A068722087ED91256C /* Assets.xcassets in Resources */ = {isa = PBXBuildFile; fileRef = 298DA81B0A000E307098C840 /* Assets.xcassets */; };
		CD88BB6222151E0B8242F84A /* RadrootsLifecycleTests.swift in Sources */ = {isa = PBXBuildFile; fileRef = D95CB1F4A964D87D2256DA9C /* RadrootsLifecycleTests.swift */; };
		CEED5B97CB1F94445162D662 /* RadrootsRuntimeClientTests.swift in Sources */ = {isa = PBXBuildFile; fileRef = D0451E8A8521D320172FFA35 /* RadrootsRuntimeClientTests.swift */; };
		D86E464EADF0C7904AB2FF90 /* RadrootsKit in Frameworks */ = {isa = PBXBuildFile; productRef = 54C7F50B545852A8B313DAA7 /* RadrootsKit */; };
		E236CCF8D8F8AC12AF59932E /* App.swift in Sources */ = {isa = PBXBuildFile; fileRef = 397ED29DF8E9BF73B4BBFDEC /* App.swift */; };
		F3E40E5A76B4EA19AC7603D2 /* RadrootsApp in Frameworks */ = {isa = PBXBuildFile; productRef = 5EB99D569A31C7F8987A9440 /* RadrootsApp */; };
		FE9376121B0780485673EC06 /* RadrootsTodayStoreTests.swift in Sources */ = {isa = PBXBuildFile; fileRef = D91770F919A06DB39186281B /* RadrootsTodayStoreTests.swift */; };
/* End PBXBuildFile section */

/* Begin PBXContainerItemProxy section */
		5B242C3EC56D6F3216103D77 /* PBXContainerItemProxy */ = {
			isa = PBXContainerItemProxy;
			containerPortal = 572C41532B5066EC7641561C /* Project object */;
			proxyType = 1;
			remoteGlobalIDString = 469EC50C49E7266DF1C2000B;
			remoteInfo = Radroots;
		};
		F2CB260E3681C202D1B6B84D /* PBXContainerItemProxy */ = {
			isa = PBXContainerItemProxy;
			containerPortal = 572C41532B5066EC7641561C /* Project object */;
			proxyType = 1;
			remoteGlobalIDString = 469EC50C49E7266DF1C2000B;
			remoteInfo = Radroots;
		};
/* End PBXContainerItemProxy section */

/* Begin PBXFileReference section */
		0F542C82F0CCB540500C711B /* RadrootsRemoteQualificationUITests.swift */ = {isa = PBXFileReference; lastKnownFileType = sourcecode.swift; path = RadrootsRemoteQualificationUITests.swift; sourceTree = "<group>"; };
		298DA81B0A000E307098C840 /* Assets.xcassets */ = {isa = PBXFileReference; lastKnownFileType = folder.assetcatalog; path = Assets.xcassets; sourceTree = "<group>"; };
		30A8A8321A8A261F6D1B480D /* Debug.xcconfig */ = {isa = PBXFileReference; lastKnownFileType = text.xcconfig; path = Debug.xcconfig; sourceTree = "<group>"; };
		318804462AADCA05FB04ACD9 /* RadrootsTests.xctest */ = {isa = PBXFileReference; includeInIndex = 0; lastKnownFileType = wrapper.cfbundle; path = RadrootsTests.xctest; sourceTree = BUILT_PRODUCTS_DIR; };
		397ED29DF8E9BF73B4BBFDEC /* App.swift */ = {isa = PBXFileReference; lastKnownFileType = sourcecode.swift; path = App.swift; sourceTree = "<group>"; };
		3EA625EE81EC684D43E43CD0 /* RadrootsRemoteQualificationTests.swift */ = {isa = PBXFileReference; lastKnownFileType = sourcecode.swift; path = RadrootsRemoteQualificationTests.swift; sourceTree = "<group>"; };
		41B94CEAFD958CE92D6B9265 /* RadrootsSupportingStoreTests.swift */ = {isa = PBXFileReference; lastKnownFileType = sourcecode.swift; path = RadrootsSupportingStoreTests.swift; sourceTree = "<group>"; };
		42C296DF1E35100FE59C04D3 /* RadrootsAddStoreTests.swift */ = {isa = PBXFileReference; lastKnownFileType = sourcecode.swift; path = RadrootsAddStoreTests.swift; sourceTree = "<group>"; };
		43B0EA447E213CD1B96846D6 /* Release.xcconfig */ = {isa = PBXFileReference; lastKnownFileType = text.xcconfig; path = Release.xcconfig; sourceTree = "<group>"; };
		6EEC64FD7D3756E9C29B4A81 /* local-social-personas.v1.json */ = {isa = PBXFileReference; lastKnownFileType = text.json; path = "local-social-personas.v1.json"; sourceTree = "<group>"; };
		81E991EAE0A0EAB4853747C6 /* PrivacyInfo.xcprivacy */ = {isa = PBXFileReference; path = PrivacyInfo.xcprivacy; sourceTree = "<group>"; };
		8E51B7E9599732A711D60E1B /* RadrootsMediaStoreTests.swift */ = {isa = PBXFileReference; lastKnownFileType = sourcecode.swift; path = RadrootsMediaStoreTests.swift; sourceTree = "<group>"; };
		93AA285819DD1269C3EAD80A /* Radroots.app */ = {isa = PBXFileReference; includeInIndex = 0; lastKnownFileType = wrapper.application; path = Radroots.app; sourceTree = BUILT_PRODUCTS_DIR; };
		9F54FC4930051FC4611B37D3 /* ios_app */ = {isa = PBXFileReference; lastKnownFileType = folder; name = ios_app; path = .; sourceTree = SOURCE_ROOT; };
		B8F89E4B3A775E88F661B891 /* RadrootsRootShellTests.swift */ = {isa = PBXFileReference; lastKnownFileType = sourcecode.swift; path = RadrootsRootShellTests.swift; sourceTree = "<group>"; };
		C26D512B6CBD1A9BE4780682 /* RadrootsStateMigrationTests.swift */ = {isa = PBXFileReference; lastKnownFileType = sourcecode.swift; path = RadrootsStateMigrationTests.swift; sourceTree = "<group>"; };
		CAD74320A58874A7F7370505 /* RadrootsUITests.xctest */ = {isa = PBXFileReference; includeInIndex = 0; lastKnownFileType = wrapper.cfbundle; path = RadrootsUITests.xctest; sourceTree = BUILT_PRODUCTS_DIR; };
		CF484F988B3D1D3D81880388 /* RadrootsRootShellUITests.swift */ = {isa = PBXFileReference; lastKnownFileType = sourcecode.swift; path = RadrootsRootShellUITests.swift; sourceTree = "<group>"; };
		D0451E8A8521D320172FFA35 /* RadrootsRuntimeClientTests.swift */ = {isa = PBXFileReference; lastKnownFileType = sourcecode.swift; path = RadrootsRuntimeClientTests.swift; sourceTree = "<group>"; };
		D91770F919A06DB39186281B /* RadrootsTodayStoreTests.swift */ = {isa = PBXFileReference; lastKnownFileType = sourcecode.swift; path = RadrootsTodayStoreTests.swift; sourceTree = "<group>"; };
		D95CB1F4A964D87D2256DA9C /* RadrootsLifecycleTests.swift */ = {isa = PBXFileReference; lastKnownFileType = sourcecode.swift; path = RadrootsLifecycleTests.swift; sourceTree = "<group>"; };
/* End PBXFileReference section */

/* Begin PBXFrameworksBuildPhase section */
		1384F9BE8BB29250A1B4A26A /* Frameworks */ = {
			isa = PBXFrameworksBuildPhase;
			buildActionMask = 2147483647;
			files = (
				F3E40E5A76B4EA19AC7603D2 /* RadrootsApp in Frameworks */,
			);
			runOnlyForDeploymentPostprocessing = 0;
		};
		ACCF9244C9199579A4D93444 /* Frameworks */ = {
			isa = PBXFrameworksBuildPhase;
			buildActionMask = 2147483647;
			files = (
				0376BB3ECA35B44625702BFE /* RadrootsApp in Frameworks */,
				D86E464EADF0C7904AB2FF90 /* RadrootsKit in Frameworks */,
			);
			runOnlyForDeploymentPostprocessing = 0;
		};
/* End PBXFrameworksBuildPhase section */

/* Begin PBXGroup section */
		31C88176C5674CFF5F9CFBEA /* RadrootsTests */ = {
			isa = PBXGroup;
			children = (
				42C296DF1E35100FE59C04D3 /* RadrootsAddStoreTests.swift */,
				D95CB1F4A964D87D2256DA9C /* RadrootsLifecycleTests.swift */,
				8E51B7E9599732A711D60E1B /* RadrootsMediaStoreTests.swift */,
				3EA625EE81EC684D43E43CD0 /* RadrootsRemoteQualificationTests.swift */,
				B8F89E4B3A775E88F661B891 /* RadrootsRootShellTests.swift */,
				D0451E8A8521D320172FFA35 /* RadrootsRuntimeClientTests.swift */,
				C26D512B6CBD1A9BE4780682 /* RadrootsStateMigrationTests.swift */,
				41B94CEAFD958CE92D6B9265 /* RadrootsSupportingStoreTests.swift */,
				D91770F919A06DB39186281B /* RadrootsTodayStoreTests.swift */,
			);
			path = RadrootsTests;
			sourceTree = "<group>";
		};
		401A3C62BEECB8BD5C500756 /* Config */ = {
			isa = PBXGroup;
			children = (
				30A8A8321A8A261F6D1B480D /* Debug.xcconfig */,
				43B0EA447E213CD1B96846D6 /* Release.xcconfig */,
			);
			name = Config;
			path = Radroots/Config;
			sourceTree = "<group>";
		};
		6240123423927396E47D6B3E /* Products */ = {
			isa = PBXGroup;
			children = (
				93AA285819DD1269C3EAD80A /* Radroots.app */,
				318804462AADCA05FB04ACD9 /* RadrootsTests.xctest */,
				CAD74320A58874A7F7370505 /* RadrootsUITests.xctest */,
			);
			name = Products;
			sourceTree = "<group>";
		};
		9458C318B571871852A3FD1B /* Packages */ = {
			isa = PBXGroup;
			children = (
				9F54FC4930051FC4611B37D3 /* ios_app */,
			);
			name = Packages;
			sourceTree = "<group>";
		};
		94F94915631E6DC54AAB0B89 /* Resources */ = {
			isa = PBXGroup;
			children = (
				298DA81B0A000E307098C840 /* Assets.xcassets */,
				81E991EAE0A0EAB4853747C6 /* PrivacyInfo.xcprivacy */,
			);
			name = Resources;
			path = Radroots/Resources;
			sourceTree = "<group>";
		};
		C22A3ECCB9E9AF9E57B74576 /* App */ = {
			isa = PBXGroup;
			children = (
				397ED29DF8E9BF73B4BBFDEC /* App.swift */,
			);
			name = App;
			path = Radroots/App;
			sourceTree = "<group>";
		};
		C4F02317699AB4FA59315D05 = {
			isa = PBXGroup;
			children = (
				C22A3ECCB9E9AF9E57B74576 /* App */,
				401A3C62BEECB8BD5C500756 /* Config */,
				9458C318B571871852A3FD1B /* Packages */,
				31C88176C5674CFF5F9CFBEA /* RadrootsTests */,
				FD341F0384225E202A0845B1 /* RadrootsUITests */,
				94F94915631E6DC54AAB0B89 /* Resources */,
				EC92B8692AB6128A7DDC3AAF /* test-fixtures */,
				6240123423927396E47D6B3E /* Products */,
			);
			sourceTree = "<group>";
		};
		EC92B8692AB6128A7DDC3AAF /* test-fixtures */ = {
			isa = PBXGroup;
			children = (
				6EEC64FD7D3756E9C29B4A81 /* local-social-personas.v1.json */,
			);
			path = "test-fixtures";
			sourceTree = "<group>";
		};
		FD341F0384225E202A0845B1 /* RadrootsUITests */ = {
			isa = PBXGroup;
			children = (
				0F542C82F0CCB540500C711B /* RadrootsRemoteQualificationUITests.swift */,
				CF484F988B3D1D3D81880388 /* RadrootsRootShellUITests.swift */,
			);
			path = RadrootsUITests;
			sourceTree = "<group>";
		};
/* End PBXGroup section */

/* Begin PBXNativeTarget section */
		469EC50C49E7266DF1C2000B /* Radroots */ = {
			isa = PBXNativeTarget;
			buildConfigurationList = 2513910CE2A2ED545A78A163 /* Build configuration list for PBXNativeTarget "Radroots" */;
			buildPhases = (
				7C10FB7358EE7DB857A84E7B /* Verify installed FFI artifacts */,
				78F7810CC77628CB591F8CD2 /* Sources */,
				0FB0BFB846269AC353E4AD0E /* Resources */,
				1384F9BE8BB29250A1B4A26A /* Frameworks */,
			);
			buildRules = (
			);
			dependencies = (
			);
			name = Radroots;
			packageProductDependencies = (
				5EB99D569A31C7F8987A9440 /* RadrootsApp */,
			);
			productName = Radroots;
			productReference = 93AA285819DD1269C3EAD80A /* Radroots.app */;
			productType = "com.apple.product-type.application";
		};
		67B2EF8D69F6CEA9BE5A8B04 /* RadrootsTests */ = {
			isa = PBXNativeTarget;
			buildConfigurationList = DCDE79513C7AE684F9540473 /* Build configuration list for PBXNativeTarget "RadrootsTests" */;
			buildPhases = (
				4948BBB44D48B961DE81F508 /* Sources */,
				ACCF9244C9199579A4D93444 /* Frameworks */,
			);
			buildRules = (
			);
			dependencies = (
				C4ECFE4B8C347EE1F784B9BA /* PBXTargetDependency */,
			);
			name = RadrootsTests;
			packageProductDependencies = (
				E17BA8C6979DF56FB5F385B8 /* RadrootsApp */,
				54C7F50B545852A8B313DAA7 /* RadrootsKit */,
			);
			productName = RadrootsTests;
			productReference = 318804462AADCA05FB04ACD9 /* RadrootsTests.xctest */;
			productType = "com.apple.product-type.bundle.unit-test";
		};
		D87D8771FD63904A45FAFB4D /* RadrootsUITests */ = {
			isa = PBXNativeTarget;
			buildConfigurationList = B3DDD079CA522503021BDB85 /* Build configuration list for PBXNativeTarget "RadrootsUITests" */;
			buildPhases = (
				1A10809E12A270635124EDD4 /* Sources */,
				3001212113C05A7E4786ED23 /* Resources */,
			);
			buildRules = (
			);
			dependencies = (
				54F8C314CE8A0D06346F56DE /* PBXTargetDependency */,
			);
			name = RadrootsUITests;
			packageProductDependencies = (
			);
			productName = RadrootsUITests;
			productReference = CAD74320A58874A7F7370505 /* RadrootsUITests.xctest */;
			productType = "com.apple.product-type.bundle.ui-testing";
		};
/* End PBXNativeTarget section */

/* Begin PBXProject section */
		572C41532B5066EC7641561C /* Project object */ = {
			isa = PBXProject;
			attributes = {
				BuildIndependentTargetsInParallel = YES;
				LastUpgradeCheck = 1430;
				TargetAttributes = {
					D87D8771FD63904A45FAFB4D = {
						TestTargetID = 469EC50C49E7266DF1C2000B;
					};
				};
			};
			buildConfigurationList = D17883D6A48F29A2A4DFE795 /* Build configuration list for PBXProject "Radroots" */;
			developmentRegion = en;
			hasScannedForEncodings = 0;
			knownRegions = (
				Base,
				en,
			);
			mainGroup = C4F02317699AB4FA59315D05;
			minimizedProjectReferenceProxies = 1;
			packageReferences = (
				5696E24009739E3BD13D6580 /* XCRemoteSwiftPackageReference "apple_kit" */,
				03D9E5A7B556A6CD41FCF80D /* XCLocalSwiftPackageReference "." */,
			);
			preferredProjectObjectVersion = 77;
			productRefGroup = 6240123423927396E47D6B3E /* Products */;
			projectDirPath = "";
			projectRoot = "";
			targets = (
				469EC50C49E7266DF1C2000B /* Radroots */,
				67B2EF8D69F6CEA9BE5A8B04 /* RadrootsTests */,
				D87D8771FD63904A45FAFB4D /* RadrootsUITests */,
			);
		};
/* End PBXProject section */

/* Begin PBXResourcesBuildPhase section */
		0FB0BFB846269AC353E4AD0E /* Resources */ = {
			isa = PBXResourcesBuildPhase;
			buildActionMask = 2147483647;
			files = (
				C356F2A068722087ED91256C /* Assets.xcassets in Resources */,
				60B853393C8DF4FDF2C01CAF /* PrivacyInfo.xcprivacy in Resources */,
			);
			runOnlyForDeploymentPostprocessing = 0;
		};
		3001212113C05A7E4786ED23 /* Resources */ = {
			isa = PBXResourcesBuildPhase;
			buildActionMask = 2147483647;
			files = (
				B96AE9EA220193EBFB456190 /* local-social-personas.v1.json in Resources */,
			);
			runOnlyForDeploymentPostprocessing = 0;
		};
/* End PBXResourcesBuildPhase section */

/* Begin PBXShellScriptBuildPhase section */
		7C10FB7358EE7DB857A84E7B /* Verify installed FFI artifacts */ = {
			isa = PBXShellScriptBuildPhase;
			alwaysOutOfDate = 1;
			buildActionMask = 2147483647;
			files = (
			);
			inputFileListPaths = (
			);
			inputPaths = (
			);
			name = "Verify installed FFI artifacts";
			outputFileListPaths = (
			);
			outputPaths = (
			);
			runOnlyForDeploymentPostprocessing = 0;
			shellPath = /bin/sh;
			shellScript = "\"$SRCROOT/RadrootsFFI/scripts/verify-installed-artifacts.sh\"\n";
		};
/* End PBXShellScriptBuildPhase section */

/* Begin PBXSourcesBuildPhase section */
		1A10809E12A270635124EDD4 /* Sources */ = {
			isa = PBXSourcesBuildPhase;
			buildActionMask = 2147483647;
			files = (
				29A679AE87129E7CBAEA72E9 /* RadrootsRemoteQualificationUITests.swift in Sources */,
				75C044403AF08F7230DE9485 /* RadrootsRootShellUITests.swift in Sources */,
			);
			runOnlyForDeploymentPostprocessing = 0;
		};
		4948BBB44D48B961DE81F508 /* Sources */ = {
			isa = PBXSourcesBuildPhase;
			buildActionMask = 2147483647;
			files = (
				27B7FB991398E2BE7034C72E /* RadrootsAddStoreTests.swift in Sources */,
				CD88BB6222151E0B8242F84A /* RadrootsLifecycleTests.swift in Sources */,
				AEEF096F40BCBC6D66A3BF32 /* RadrootsMediaStoreTests.swift in Sources */,
				A8D166BCD8AFCDAF764081BB /* RadrootsRemoteQualificationTests.swift in Sources */,
				7CF6D05AC3F7C8CAD56E3A91 /* RadrootsRootShellTests.swift in Sources */,
				CEED5B97CB1F94445162D662 /* RadrootsRuntimeClientTests.swift in Sources */,
				51FE0A95B71A5D4EDCEB0748 /* RadrootsStateMigrationTests.swift in Sources */,
				3BCAFE2B1A96BBE5D741D8FC /* RadrootsSupportingStoreTests.swift in Sources */,
				FE9376121B0780485673EC06 /* RadrootsTodayStoreTests.swift in Sources */,
			);
			runOnlyForDeploymentPostprocessing = 0;
		};
		78F7810CC77628CB591F8CD2 /* Sources */ = {
			isa = PBXSourcesBuildPhase;
			buildActionMask = 2147483647;
			files = (
				E236CCF8D8F8AC12AF59932E /* App.swift in Sources */,
			);
			runOnlyForDeploymentPostprocessing = 0;
		};
/* End PBXSourcesBuildPhase section */

/* Begin PBXTargetDependency section */
		54F8C314CE8A0D06346F56DE /* PBXTargetDependency */ = {
			isa = PBXTargetDependency;
			target = 469EC50C49E7266DF1C2000B /* Radroots */;
			targetProxy = F2CB260E3681C202D1B6B84D /* PBXContainerItemProxy */;
		};
		C4ECFE4B8C347EE1F784B9BA /* PBXTargetDependency */ = {
			isa = PBXTargetDependency;
			target = 469EC50C49E7266DF1C2000B /* Radroots */;
			targetProxy = 5B242C3EC56D6F3216103D77 /* PBXContainerItemProxy */;
		};
/* End PBXTargetDependency section */

/* Begin XCBuildConfiguration section */
		5486087B252C6EA76ADD9BB8 /* Debug */ = {
			isa = XCBuildConfiguration;
			baseConfigurationReference = 30A8A8321A8A261F6D1B480D /* Debug.xcconfig */;
			buildSettings = {
				ASSETCATALOG_COMPILER_APPICON_NAME = AppIcon;
				CODE_SIGN_IDENTITY = "iPhone Developer";
				"EXCLUDED_ARCHS[sdk=iphonesimulator*]" = x86_64;
				INFOPLIST_FILE = Radroots/Info.plist;
				IPHONEOS_DEPLOYMENT_TARGET = 18.0;
				LD_RUNPATH_SEARCH_PATHS = (
					"$(inherited)",
					"@executable_path/Frameworks",
				);
				SDKROOT = iphoneos;
				SWIFT_VERSION = 6.0;
				TARGETED_DEVICE_FAMILY = "1,2";
			};
			name = Debug;
		};
		8113D02CF1312FB10249F707 /* Release */ = {
			isa = XCBuildConfiguration;
			buildSettings = {
				BUNDLE_LOADER = "$(TEST_HOST)";
				"EXCLUDED_ARCHS[sdk=iphonesimulator*]" = x86_64;
				GENERATE_INFOPLIST_FILE = YES;
				IPHONEOS_DEPLOYMENT_TARGET = 18.0;
				LD_RUNPATH_SEARCH_PATHS = (
					"$(inherited)",
					"@executable_path/Frameworks",
					"@loader_path/Frameworks",
				);
				PRODUCT_BUNDLE_IDENTIFIER = "org.radroots.field-ios.tests";
				SDKROOT = iphoneos;
				SWIFT_VERSION = 6.0;
				TARGETED_DEVICE_FAMILY = "1,2";
				TEST_HOST = "$(BUILT_PRODUCTS_DIR)/Radroots.app/Radroots";
			};
			name = Release;
		};
		A431C09D041E1479F6044316 /* Release */ = {
			isa = XCBuildConfiguration;
			buildSettings = {
				BUNDLE_LOADER = "$(TEST_HOST)";
				"EXCLUDED_ARCHS[sdk=iphonesimulator*]" = x86_64;
				GENERATE_INFOPLIST_FILE = NO;
				INFOPLIST_FILE = RadrootsUITests/Info.plist;
				IPHONEOS_DEPLOYMENT_TARGET = 18.0;
				LD_RUNPATH_SEARCH_PATHS = (
					"$(inherited)",
					"@executable_path/Frameworks",
					"@loader_path/Frameworks",
				);
				PRODUCT_BUNDLE_IDENTIFIER = "org.radroots.field-ios.uitests";
				SDKROOT = iphoneos;
				SWIFT_VERSION = 6.0;
				TARGETED_DEVICE_FAMILY = "1,2";
				TEST_TARGET_NAME = Radroots;
			};
			name = Release;
		};
		CCF6247EBAF64D12A58E70D2 /* Debug */ = {
			isa = XCBuildConfiguration;
			buildSettings = {
				BUNDLE_LOADER = "$(TEST_HOST)";
				"EXCLUDED_ARCHS[sdk=iphonesimulator*]" = x86_64;
				GENERATE_INFOPLIST_FILE = NO;
				INFOPLIST_FILE = RadrootsUITests/Info.plist;
				IPHONEOS_DEPLOYMENT_TARGET = 18.0;
				LD_RUNPATH_SEARCH_PATHS = (
					"$(inherited)",
					"@executable_path/Frameworks",
					"@loader_path/Frameworks",
				);
				PRODUCT_BUNDLE_IDENTIFIER = "org.radroots.field-ios.uitests";
				SDKROOT = iphoneos;
				SWIFT_VERSION = 6.0;
				TARGETED_DEVICE_FAMILY = "1,2";
				TEST_TARGET_NAME = Radroots;
			};
			name = Debug;
		};
		D930E9391B5B63DB518922D2 /* Release */ = {
			isa = XCBuildConfiguration;
			baseConfigurationReference = 43B0EA447E213CD1B96846D6 /* Release.xcconfig */;
			buildSettings = {
				ASSETCATALOG_COMPILER_APPICON_NAME = AppIcon;
				CODE_SIGN_IDENTITY = "iPhone Developer";
				"EXCLUDED_ARCHS[sdk=iphonesimulator*]" = x86_64;
				INFOPLIST_FILE = Radroots/Info.plist;
				IPHONEOS_DEPLOYMENT_TARGET = 18.0;
				LD_RUNPATH_SEARCH_PATHS = (
					"$(inherited)",
					"@executable_path/Frameworks",
				);
				SDKROOT = iphoneos;
				SWIFT_VERSION = 6.0;
				TARGETED_DEVICE_FAMILY = "1,2";
			};
			name = Release;
		};
		F1654BB285BEA5667F11CBD2 /* Debug */ = {
			isa = XCBuildConfiguration;
			buildSettings = {
				BUNDLE_LOADER = "$(TEST_HOST)";
				"EXCLUDED_ARCHS[sdk=iphonesimulator*]" = x86_64;
				GENERATE_INFOPLIST_FILE = YES;
				IPHONEOS_DEPLOYMENT_TARGET = 18.0;
				LD_RUNPATH_SEARCH_PATHS = (
					"$(inherited)",
					"@executable_path/Frameworks",
					"@loader_path/Frameworks",
				);
				PRODUCT_BUNDLE_IDENTIFIER = "org.radroots.field-ios.tests";
				SDKROOT = iphoneos;
				SWIFT_VERSION = 6.0;
				TARGETED_DEVICE_FAMILY = "1,2";
				TEST_HOST = "$(BUILT_PRODUCTS_DIR)/Radroots.app/Radroots";
			};
			name = Debug;
		};
		F4E5B115657562F65E2A7C00 /* Release */ = {
			isa = XCBuildConfiguration;
			buildSettings = {
				ALWAYS_SEARCH_USER_PATHS = NO;
				CLANG_ANALYZER_NONNULL = YES;
				CLANG_ANALYZER_NUMBER_OBJECT_CONVERSION = YES_AGGRESSIVE;
				CLANG_CXX_LANGUAGE_STANDARD = "gnu++14";
				CLANG_CXX_LIBRARY = "libc++";
				CLANG_ENABLE_MODULES = YES;
				CLANG_ENABLE_OBJC_ARC = YES;
				CLANG_ENABLE_OBJC_WEAK = YES;
				CLANG_WARN_BLOCK_CAPTURE_AUTORELEASING = YES;
				CLANG_WARN_BOOL_CONVERSION = YES;
				CLANG_WARN_COMMA = YES;
				CLANG_WARN_CONSTANT_CONVERSION = YES;
				CLANG_WARN_DEPRECATED_OBJC_IMPLEMENTATIONS = YES;
				CLANG_WARN_DIRECT_OBJC_ISA_USAGE = YES_ERROR;
				CLANG_WARN_DOCUMENTATION_COMMENTS = YES;
				CLANG_WARN_EMPTY_BODY = YES;
				CLANG_WARN_ENUM_CONVERSION = YES;
				CLANG_WARN_INFINITE_RECURSION = YES;
				CLANG_WARN_INT_CONVERSION = YES;
				CLANG_WARN_NON_LITERAL_NULL_CONVERSION = YES;
				CLANG_WARN_OBJC_IMPLICIT_RETAIN_SELF = YES;
				CLANG_WARN_OBJC_LITERAL_CONVERSION = YES;
				CLANG_WARN_OBJC_ROOT_CLASS = YES_ERROR;
				CLANG_WARN_QUOTED_INCLUDE_IN_FRAMEWORK_HEADER = YES;
				CLANG_WARN_RANGE_LOOP_ANALYSIS = YES;
				CLANG_WARN_STRICT_PROTOTYPES = YES;
				CLANG_WARN_SUSPICIOUS_MOVE = YES;
				CLANG_WARN_UNGUARDED_AVAILABILITY = YES_AGGRESSIVE;
				CLANG_WARN_UNREACHABLE_CODE = YES;
				CLANG_WARN__DUPLICATE_METHOD_MATCH = YES;
				COPY_PHASE_STRIP = NO;
				DEBUG_INFORMATION_FORMAT = "dwarf-with-dsym";
				ENABLE_NS_ASSERTIONS = NO;
				ENABLE_STRICT_OBJC_MSGSEND = YES;
				GCC_C_LANGUAGE_STANDARD = gnu11;
				GCC_NO_COMMON_BLOCKS = YES;
				GCC_WARN_64_TO_32_BIT_CONVERSION = YES;
				GCC_WARN_ABOUT_RETURN_TYPE = YES_ERROR;
				GCC_WARN_UNDECLARED_SELECTOR = YES;
				GCC_WARN_UNINITIALIZED_AUTOS = YES_AGGRESSIVE;
				GCC_WARN_UNUSED_FUNCTION = YES;
				GCC_WARN_UNUSED_VARIABLE = YES;
				IPHONEOS_DEPLOYMENT_TARGET = 18.0;
				MTL_ENABLE_DEBUG_INFO = NO;
				MTL_FAST_MATH = YES;
				PRODUCT_NAME = "$(TARGET_NAME)";
				SDKROOT = iphoneos;
				SWIFT_COMPILATION_MODE = wholemodule;
				SWIFT_OPTIMIZATION_LEVEL = "-O";
				SWIFT_VERSION = 5.0;
			};
			name = Release;
		};
		F4F00921D65CA3F2388F2BCC /* Debug */ = {
			isa = XCBuildConfiguration;
			buildSettings = {
				ALWAYS_SEARCH_USER_PATHS = NO;
				CLANG_ANALYZER_NONNULL = YES;
				CLANG_ANALYZER_NUMBER_OBJECT_CONVERSION = YES_AGGRESSIVE;
				CLANG_CXX_LANGUAGE_STANDARD = "gnu++14";
				CLANG_CXX_LIBRARY = "libc++";
				CLANG_ENABLE_MODULES = YES;
				CLANG_ENABLE_OBJC_ARC = YES;
				CLANG_ENABLE_OBJC_WEAK = YES;
				CLANG_WARN_BLOCK_CAPTURE_AUTORELEASING = YES;
				CLANG_WARN_BOOL_CONVERSION = YES;
				CLANG_WARN_COMMA = YES;
				CLANG_WARN_CONSTANT_CONVERSION = YES;
				CLANG_WARN_DEPRECATED_OBJC_IMPLEMENTATIONS = YES;
				CLANG_WARN_DIRECT_OBJC_ISA_USAGE = YES_ERROR;
				CLANG_WARN_DOCUMENTATION_COMMENTS = YES;
				CLANG_WARN_EMPTY_BODY = YES;
				CLANG_WARN_ENUM_CONVERSION = YES;
				CLANG_WARN_INFINITE_RECURSION = YES;
				CLANG_WARN_INT_CONVERSION = YES;
				CLANG_WARN_NON_LITERAL_NULL_CONVERSION = YES;
				CLANG_WARN_OBJC_IMPLICIT_RETAIN_SELF = YES;
				CLANG_WARN_OBJC_LITERAL_CONVERSION = YES;
				CLANG_WARN_OBJC_ROOT_CLASS = YES_ERROR;
				CLANG_WARN_QUOTED_INCLUDE_IN_FRAMEWORK_HEADER = YES;
				CLANG_WARN_RANGE_LOOP_ANALYSIS = YES;
				CLANG_WARN_STRICT_PROTOTYPES = YES;
				CLANG_WARN_SUSPICIOUS_MOVE = YES;
				CLANG_WARN_UNGUARDED_AVAILABILITY = YES_AGGRESSIVE;
				CLANG_WARN_UNREACHABLE_CODE = YES;
				CLANG_WARN__DUPLICATE_METHOD_MATCH = YES;
				COPY_PHASE_STRIP = NO;
				DEBUG_INFORMATION_FORMAT = dwarf;
				ENABLE_STRICT_OBJC_MSGSEND = YES;
				ENABLE_TESTABILITY = YES;
				GCC_C_LANGUAGE_STANDARD = gnu11;
				GCC_DYNAMIC_NO_PIC = NO;
				GCC_NO_COMMON_BLOCKS = YES;
				GCC_OPTIMIZATION_LEVEL = 0;
				GCC_PREPROCESSOR_DEFINITIONS = (
					"$(inherited)",
					"DEBUG=1",
				);
				GCC_WARN_64_TO_32_BIT_CONVERSION = YES;
				GCC_WARN_ABOUT_RETURN_TYPE = YES_ERROR;
				GCC_WARN_UNDECLARED_SELECTOR = YES;
				GCC_WARN_UNINITIALIZED_AUTOS = YES_AGGRESSIVE;
				GCC_WARN_UNUSED_FUNCTION = YES;
				GCC_WARN_UNUSED_VARIABLE = YES;
				IPHONEOS_DEPLOYMENT_TARGET = 18.0;
				MTL_ENABLE_DEBUG_INFO = INCLUDE_SOURCE;
				MTL_FAST_MATH = YES;
				ONLY_ACTIVE_ARCH = YES;
				PRODUCT_NAME = "$(TARGET_NAME)";
				SDKROOT = iphoneos;
				SWIFT_ACTIVE_COMPILATION_CONDITIONS = DEBUG;
				SWIFT_OPTIMIZATION_LEVEL = "-Onone";
				SWIFT_VERSION = 5.0;
			};
			name = Debug;
		};
/* End XCBuildConfiguration section */

/* Begin XCConfigurationList section */
		2513910CE2A2ED545A78A163 /* Build configuration list for PBXNativeTarget "Radroots" */ = {
			isa = XCConfigurationList;
			buildConfigurations = (
				5486087B252C6EA76ADD9BB8 /* Debug */,
				D930E9391B5B63DB518922D2 /* Release */,
			);
			defaultConfigurationIsVisible = 0;
			defaultConfigurationName = Debug;
		};
		B3DDD079CA522503021BDB85 /* Build configuration list for PBXNativeTarget "RadrootsUITests" */ = {
			isa = XCConfigurationList;
			buildConfigurations = (
				CCF6247EBAF64D12A58E70D2 /* Debug */,
				A431C09D041E1479F6044316 /* Release */,
			);
			defaultConfigurationIsVisible = 0;
			defaultConfigurationName = Debug;
		};
		D17883D6A48F29A2A4DFE795 /* Build configuration list for PBXProject "Radroots" */ = {
			isa = XCConfigurationList;
			buildConfigurations = (
				F4F00921D65CA3F2388F2BCC /* Debug */,
				F4E5B115657562F65E2A7C00 /* Release */,
			);
			defaultConfigurationIsVisible = 0;
			defaultConfigurationName = Debug;
		};
		DCDE79513C7AE684F9540473 /* Build configuration list for PBXNativeTarget "RadrootsTests" */ = {
			isa = XCConfigurationList;
			buildConfigurations = (
				F1654BB285BEA5667F11CBD2 /* Debug */,
				8113D02CF1312FB10249F707 /* Release */,
			);
			defaultConfigurationIsVisible = 0;
			defaultConfigurationName = Debug;
		};
/* End XCConfigurationList section */

/* Begin XCLocalSwiftPackageReference section */
		03D9E5A7B556A6CD41FCF80D /* XCLocalSwiftPackageReference "." */ = {
			isa = XCLocalSwiftPackageReference;
			relativePath = .;
		};
/* End XCLocalSwiftPackageReference section */

/* Begin XCRemoteSwiftPackageReference section */
		5696E24009739E3BD13D6580 /* XCRemoteSwiftPackageReference "apple_kit" */ = {
			isa = XCRemoteSwiftPackageReference;
			repositoryURL = "https://github.com/radrootslabs/apple_kit.git";
			requirement = {
				kind = revision;
				revision = e61386529422a6413a852f0233a196a88f4ded51;
			};
		};
/* End XCRemoteSwiftPackageReference section */

/* Begin XCSwiftPackageProductDependency section */
		54C7F50B545852A8B313DAA7 /* RadrootsKit */ = {
			isa = XCSwiftPackageProductDependency;
			package = 5696E24009739E3BD13D6580 /* XCRemoteSwiftPackageReference "apple_kit" */;
			productName = RadrootsKit;
		};
		5EB99D569A31C7F8987A9440 /* RadrootsApp */ = {
			isa = XCSwiftPackageProductDependency;
			productName = RadrootsApp;
		};
		E17BA8C6979DF56FB5F385B8 /* RadrootsApp */ = {
			isa = XCSwiftPackageProductDependency;
			productName = RadrootsApp;
		};
/* End XCSwiftPackageProductDependency section */
	};
	rootObject = 572C41532B5066EC7641561C /* Project object */;
}
