{
  "originHash" : "d1a924e796059586d6aa8e6b5f63b35a9e15ba5f5b910971d9e7313ef8f8b425",
  "pins" : [
    {
      "identity" : "apple_kit",
      "kind" : "remoteSourceControl",
      "location" : "https://github.com/radrootslabs/apple_kit.git",
      "state" : {
        "revision" : "342a9c08d4eff1bedc5f25900bb166aa9eb531e2"
      }
    },
    {
      "identity" : "swift-secp256k1",
      "kind" : "remoteSourceControl",
      "location" : "https://github.com/21-DOT-DEV/swift-secp256k1.git",
      "state" : {
        "revision" : "e70a10e036a55fffea31568f0af92d69b6d449cd"
      }
    }
  ],
  "version" : 3
}
