{
  "originHash" : "0175a3717e07ba9cab3302d8194ef31bc66ed3ce9ef39274587ae709219a1523",
  "pins" : [
    {
      "identity" : "apple_kit",
      "kind" : "remoteSourceControl",
      "location" : "https://github.com/radrootslabs/apple_kit.git",
      "state" : {
        "revision" : "75a4a63149adb55b6a07f94686ef74b5446f1136"
      }
    },
    {
      "identity" : "swift-secp256k1",
      "kind" : "remoteSourceControl",
      "location" : "https://github.com/21-DOT-DEV/swift-secp256k1.git",
      "state" : {
        "revision" : "e70a10e036a55fffea31568f0af92d69b6d449cd"
      }
    }
  ],
  "version" : 3
}
