{
  "originHash" : "c884fda8f632e8793480d4b025692ad1ecff40c0eb6afddf727b760185478508",
  "pins" : [
    {
      "identity" : "apple_kit",
      "kind" : "remoteSourceControl",
      "location" : "https://github.com/radrootslabs/apple_kit.git",
      "state" : {
        "revision" : "bf6eff1ebb4c854983a651b333d00d622714199b"
      }
    },
    {
      "identity" : "swift-secp256k1",
      "kind" : "remoteSourceControl",
      "location" : "https://github.com/21-DOT-DEV/swift-secp256k1.git",
      "state" : {
        "revision" : "e70a10e036a55fffea31568f0af92d69b6d449cd"
      }
    }
  ],
  "version" : 3
}
